// !$*UTF8*$!
{
	archiveVersion = 1;
	classes = {
	};
	objectVersion = 50;
	objects = {

/* Begin PBXBuildFile section */
		EB28B5F321C3B2A900CFF1EF /* AppDelegate.swift in Sources */ = {isa = PBXBuildFile; fileRef = EB28B5F221C3B2A900CFF1EF /* AppDelegate.swift */; };
		EB28B5F821C3B2A900CFF1EF /* Main.storyboard in Resources */ = {isa = PBXBuildFile; fileRef = EB28B5F621C3B2A900CFF1EF /* Main.storyboard */; };
		EB28B5FA21C3B2AA00CFF1EF /* Assets.xcassets in Resources */ = {isa = PBXBuildFile; fileRef = EB28B5F921C3B2AA00CFF1EF /* Assets.xcassets */; };
		EB28B5FD21C3B2AA00CFF1EF /* LaunchScreen.storyboard in Resources */ = {isa = PBXBuildFile; fileRef = EB28B5FB21C3B2AA00CFF1EF /* LaunchScreen.storyboard */; };
		EB28B61A21C3B43300CFF1EF /* CGFloat+random.swift in Sources */ = {isa = PBXBuildFile; fileRef = EB28B61921C3B43300CFF1EF /* CGFloat+random.swift */; };
		EB28B61C21C3B45000CFF1EF /* UIColor+random.swift in Sources */ = {isa = PBXBuildFile; fileRef = EB28B61B21C3B45000CFF1EF /* UIColor+random.swift */; };
		EB28B61F21C3B4B600CFF1EF /* profile.swift in Sources */ = {isa = PBXBuildFile; fileRef = EB28B61D21C3B4B600CFF1EF /* profile.swift */; };
		EB28B62021C3B4B600CFF1EF /* hoop.swift in Sources */ = {isa = PBXBuildFile; fileRef = EB28B61E21C3B4B600CFF1EF /* hoop.swift */; };
		EB28B62221C3B88B00CFF1EF /* DateFormatter+shortcuts.swift in Sources */ = {isa = PBXBuildFile; fileRef = EB28B62121C3B88B00CFF1EF /* DateFormatter+shortcuts.swift */; };
		EB28B62A21C3BDB400CFF1EF /* hoopTests.swift in Sources */ = {isa = PBXBuildFile; fileRef = EB28B62921C3BDB400CFF1EF /* hoopTests.swift */; };
		EB28B63321C3BFD100CFF1EF /* XCTest.framework in Frameworks */ = {isa = PBXBuildFile; fileRef = EB28B63221C3BFD100CFF1EF /* XCTest.framework */; };
		EB28B63521C3F27F00CFF1EF /* conversation.swift in Sources */ = {isa = PBXBuildFile; fileRef = EB28B63421C3F27F00CFF1EF /* conversation.swift */; };
		EB28B63921C3F57200CFF1EF /* message.swift in Sources */ = {isa = PBXBuildFile; fileRef = EB28B63821C3F57200CFF1EF /* message.swift */; };
		EB31DFCA21E4FDAC005D0530 /* hoopIn.swift in Sources */ = {isa = PBXBuildFile; fileRef = EB31DFC921E4FDAC005D0530 /* hoopIn.swift */; };
		EB31DFCE21E51201005D0530 /* Timestamp.swift in Sources */ = {isa = PBXBuildFile; fileRef = EB31DFCD21E51201005D0530 /* Timestamp.swift */; };
		EB31DFD121E60C11005D0530 /* MessagePopupView.xib in Resources */ = {isa = PBXBuildFile; fileRef = EB31DFCF21E60C10005D0530 /* MessagePopupView.xib */; };
		EB31DFD221E60C11005D0530 /* MessagePopupView.swift in Sources */ = {isa = PBXBuildFile; fileRef = EB31DFD021E60C10005D0530 /* MessagePopupView.swift */; };
		EB31DFD421E60D29005D0530 /* TwoChoicesPopupView.swift in Sources */ = {isa = PBXBuildFile; fileRef = EB31DFD321E60D29005D0530 /* TwoChoicesPopupView.swift */; };
		EB31DFD621E60D52005D0530 /* TwoChoicesPopupView.xib in Resources */ = {isa = PBXBuildFile; fileRef = EB31DFD521E60D52005D0530 /* TwoChoicesPopupView.xib */; };
		EB31DFD921E61285005D0530 /* Object+ClassName.swift in Sources */ = {isa = PBXBuildFile; fileRef = EB31DFD721E61285005D0530 /* Object+ClassName.swift */; };
		EB31DFDA21E61285005D0530 /* UIView+Nib.swift in Sources */ = {isa = PBXBuildFile; fileRef = EB31DFD821E61285005D0530 /* UIView+Nib.swift */; };
		EB45ED5421F62EBB00597E77 /* Kingfisher.framework in Frameworks */ = {isa = PBXBuildFile; fileRef = EB45ED5321F62EBB00597E77 /* Kingfisher.framework */; };
		EB45ED5621F62ECB00597E77 /* Kingfisher.framework in Embed Frameworks */ = {isa = PBXBuildFile; fileRef = EB45ED5321F62EBB00597E77 /* Kingfisher.framework */; settings = {ATTRIBUTES = (CodeSignOnCopy, RemoveHeadersOnCopy, ); }; };
		EB45ED5A21F7651F00597E77 /* InputTextFieldBar.xib in Resources */ = {isa = PBXBuildFile; fileRef = EB45ED5821F7651F00597E77 /* InputTextFieldBar.xib */; };
		EB45ED5B21F7651F00597E77 /* InputTextFieldBar.swift in Sources */ = {isa = PBXBuildFile; fileRef = EB45ED5921F7651F00597E77 /* InputTextFieldBar.swift */; };
		EB45ED5D21F87B8800597E77 /* UInt64+random.swift in Sources */ = {isa = PBXBuildFile; fileRef = EB45ED5C21F87B8800597E77 /* UInt64+random.swift */; };
		EB45ED5F21F8BC3B00597E77 /* ChatHeaderView.swift in Sources */ = {isa = PBXBuildFile; fileRef = EB45ED5E21F8BC3B00597E77 /* ChatHeaderView.swift */; };
		EB45ED6121F8BC5A00597E77 /* ChatHeaderView.xib in Resources */ = {isa = PBXBuildFile; fileRef = EB45ED6021F8BC5A00597E77 /* ChatHeaderView.xib */; };
		EB72271E21F0D80F008DF621 /* Defaults+DefaultsKey.swift in Sources */ = {isa = PBXBuildFile; fileRef = EB72271D21F0D80F008DF621 /* Defaults+DefaultsKey.swift */; };
		EB72272121F227E0008DF621 /* Mapbox.framework in Frameworks */ = {isa = PBXBuildFile; fileRef = EB72271F21F227D2008DF621 /* Mapbox.framework */; };
		EB72272221F227E0008DF621 /* Mapbox.framework in Embed Frameworks */ = {isa = PBXBuildFile; fileRef = EB72271F21F227D2008DF621 /* Mapbox.framework */; settings = {ATTRIBUTES = (CodeSignOnCopy, RemoveHeadersOnCopy, ); }; };
		EB72272421F22899008DF621 /* MapBoxViewController.swift in Sources */ = {isa = PBXBuildFile; fileRef = EB72272321F22899008DF621 /* MapBoxViewController.swift */; };
		EB77870D21D4DF73002CBA02 /* hoopApiResponse.swift in Sources */ = {isa = PBXBuildFile; fileRef = EB77870C21D4DF73002CBA02 /* hoopApiResponse.swift */; };
		EB77870F21D4DF92002CBA02 /* fbme.swift in Sources */ = {isa = PBXBuildFile; fileRef = EB77870E21D4DF92002CBA02 /* fbme.swift */; };
		EB77871121D4E180002CBA02 /* JSONDecoder+decodable.swift in Sources */ = {isa = PBXBuildFile; fileRef = EB77871021D4E180002CBA02 /* JSONDecoder+decodable.swift */; };
		EB77871621D53BBF002CBA02 /* MoreCodable.framework in Frameworks */ = {isa = PBXBuildFile; fileRef = EB77871421D53BA8002CBA02 /* MoreCodable.framework */; };
		EB77871721D53BBF002CBA02 /* MoreCodable.framework in Embed Frameworks */ = {isa = PBXBuildFile; fileRef = EB77871421D53BA8002CBA02 /* MoreCodable.framework */; settings = {ATTRIBUTES = (CodeSignOnCopy, RemoveHeadersOnCopy, ); }; };
		EB77871821D53F75002CBA02 /* MoreCodable.framework in Resources */ = {isa = PBXBuildFile; fileRef = EB77871421D53BA8002CBA02 /* MoreCodable.framework */; };
		EB7F7FD321E63228003B375C /* RennesInsa.gpx in Resources */ = {isa = PBXBuildFile; fileRef = EB7F7FCF21E63228003B375C /* RennesInsa.gpx */; };
		EB7F7FD421E63228003B375C /* Boulogne.gpx in Resources */ = {isa = PBXBuildFile; fileRef = EB7F7FD021E63228003B375C /* Boulogne.gpx */; };
		EB7F7FD521E63229003B375C /* Poitiers.gpx in Resources */ = {isa = PBXBuildFile; fileRef = EB7F7FD121E63228003B375C /* Poitiers.gpx */; };
		EB7F7FD621E63229003B375C /* ParisSaintGermain.gpx in Resources */ = {isa = PBXBuildFile; fileRef = EB7F7FD221E63228003B375C /* ParisSaintGermain.gpx */; };
		EB7F7FD821EC9D81003B375C /* ImageManipulator.swift in Sources */ = {isa = PBXBuildFile; fileRef = EB7F7FD721EC9D81003B375C /* ImageManipulator.swift */; };
		EB7F7FDA21ECDF83003B375C /* Dictionnary+Plus.swift in Sources */ = {isa = PBXBuildFile; fileRef = EB7F7FD921ECDF83003B375C /* Dictionnary+Plus.swift */; };
		EB7F7FDE21EDF142003B375C /* AccountKit.framework in Frameworks */ = {isa = PBXBuildFile; fileRef = EB7F7FDC21EDF124003B375C /* AccountKit.framework */; };
		EB7F7FDF21EDF142003B375C /* AccountKit.framework in Embed Frameworks */ = {isa = PBXBuildFile; fileRef = EB7F7FDC21EDF124003B375C /* AccountKit.framework */; settings = {ATTRIBUTES = (CodeSignOnCopy, RemoveHeadersOnCopy, ); }; };
		EB7F7FE521EE0590003B375C /* InputGenderViewController.swift in Sources */ = {isa = PBXBuildFile; fileRef = EB7F7FE121EE0590003B375C /* InputGenderViewController.swift */; };
		EB7F7FE621EE0590003B375C /* InputEmailViewController.swift in Sources */ = {isa = PBXBuildFile; fileRef = EB7F7FE221EE0590003B375C /* InputEmailViewController.swift */; };
		EB7F7FE721EE0590003B375C /* InputAgeViewController.swift in Sources */ = {isa = PBXBuildFile; fileRef = EB7F7FE321EE0590003B375C /* InputAgeViewController.swift */; };
		EB7F7FE821EE0590003B375C /* InputNameViewController.swift in Sources */ = {isa = PBXBuildFile; fileRef = EB7F7FE421EE0590003B375C /* InputNameViewController.swift */; };
		EB7F7FEA21EE0C66003B375C /* String+Trim.swift in Sources */ = {isa = PBXBuildFile; fileRef = EB7F7FE921EE0C66003B375C /* String+Trim.swift */; };
		EB7F7FEC21EE0C85003B375C /* String+Capitalize.swift in Sources */ = {isa = PBXBuildFile; fileRef = EB7F7FEB21EE0C85003B375C /* String+Capitalize.swift */; };
		EB862C7C21DE061C0051E3A7 /* HoopListCheckCell.swift in Sources */ = {isa = PBXBuildFile; fileRef = EB862C7B21DE061C0051E3A7 /* HoopListCheckCell.swift */; };
		EB862C7E21DE075C0051E3A7 /* HoopListCheckCell.xib in Resources */ = {isa = PBXBuildFile; fileRef = EB862C7D21DE075C0051E3A7 /* HoopListCheckCell.xib */; };
		EB862C8221DE1C7D0051E3A7 /* faqEntry.swift in Sources */ = {isa = PBXBuildFile; fileRef = EB862C8121DE1C7D0051E3A7 /* faqEntry.swift */; };
		EB862C8421DE40420051E3A7 /* condition.swift in Sources */ = {isa = PBXBuildFile; fileRef = EB862C8321DE40420051E3A7 /* condition.swift */; };
		EB862C8621DE5F130051E3A7 /* fbPictures.swift in Sources */ = {isa = PBXBuildFile; fileRef = EB862C8521DE5F130051E3A7 /* fbPictures.swift */; };
		EB8F046321CAB630003757EC /* SwiftRouter.swift in Sources */ = {isa = PBXBuildFile; fileRef = EB8F046221CAB630003757EC /* SwiftRouter.swift */; };
		EB8F046521CAB6F3003757EC /* LoginViewController.swift in Sources */ = {isa = PBXBuildFile; fileRef = EB8F046421CAB6F3003757EC /* LoginViewController.swift */; };
		EB8F046721CAB779003757EC /* InfoTunnelViewController.swift in Sources */ = {isa = PBXBuildFile; fileRef = EB8F046621CAB779003757EC /* InfoTunnelViewController.swift */; };
		EB8F046921CAB799003757EC /* ParametersViewController.swift in Sources */ = {isa = PBXBuildFile; fileRef = EB8F046821CAB799003757EC /* ParametersViewController.swift */; };
		EB8F046B21CAB7D8003757EC /* TutorialViewController.swift in Sources */ = {isa = PBXBuildFile; fileRef = EB8F046A21CAB7D8003757EC /* TutorialViewController.swift */; };
		EB8F046D21CAB81C003757EC /* MapViewController.swift in Sources */ = {isa = PBXBuildFile; fileRef = EB8F046C21CAB81C003757EC /* MapViewController.swift */; };
		EB8F046F21CAB8DE003757EC /* ConversationViewController.swift in Sources */ = {isa = PBXBuildFile; fileRef = EB8F046E21CAB8DE003757EC /* ConversationViewController.swift */; };
		EB8F047121CAB956003757EC /* FaqViewController.swift in Sources */ = {isa = PBXBuildFile; fileRef = EB8F047021CAB956003757EC /* FaqViewController.swift */; };
		EB8F047321CAB9C9003757EC /* WebViewController.swift in Sources */ = {isa = PBXBuildFile; fileRef = EB8F047221CAB9C9003757EC /* WebViewController.swift */; };
		EB8F047C21CAC1E0003757EC /* Localizable.strings in Resources */ = {isa = PBXBuildFile; fileRef = EB8F047E21CAC1E0003757EC /* Localizable.strings */; };
		EB8F048121CAC2B4003757EC /* String+localization.swift in Sources */ = {isa = PBXBuildFile; fileRef = EB8F048021CAC2B4003757EC /* String+localization.swift */; };
		EB8F049B21CAC62E003757EC /* Campton-ThinItalic.ttf in Resources */ = {isa = PBXBuildFile; fileRef = EB8F048621CAC62D003757EC /* Campton-ThinItalic.ttf */; };
		EB8F049C21CAC62E003757EC /* Campton-Book.ttf in Resources */ = {isa = PBXBuildFile; fileRef = EB8F048721CAC62D003757EC /* Campton-Book.ttf */; };
		EB8F049D21CAC62E003757EC /* Montserrat-Regular.ttf in Resources */ = {isa = PBXBuildFile; fileRef = EB8F048821CAC62D003757EC /* Montserrat-Regular.ttf */; };
		EB8F049E21CAC62E003757EC /* Campton-Light.ttf in Resources */ = {isa = PBXBuildFile; fileRef = EB8F048921CAC62D003757EC /* Campton-Light.ttf */; };
		EB8F049F21CAC62E003757EC /* Campton-ExtraLight.ttf in Resources */ = {isa = PBXBuildFile; fileRef = EB8F048A21CAC62D003757EC /* Campton-ExtraLight.ttf */; };
		EB8F04A021CAC62E003757EC /* Campton-BoldItalic.ttf in Resources */ = {isa = PBXBuildFile; fileRef = EB8F048B21CAC62D003757EC /* Campton-BoldItalic.ttf */; };
		EB8F04A121CAC62E003757EC /* Campton-LightItalic.ttf in Resources */ = {isa = PBXBuildFile; fileRef = EB8F048C21CAC62D003757EC /* Campton-LightItalic.ttf */; };
		EB8F04A221CAC62E003757EC /* Campton-SemiBoldItalic.ttf in Resources */ = {isa = PBXBuildFile; fileRef = EB8F048D21CAC62D003757EC /* Campton-SemiBoldItalic.ttf */; };
		EB8F04A321CAC62E003757EC /* Campton-ExtraBold.ttf in Resources */ = {isa = PBXBuildFile; fileRef = EB8F048E21CAC62D003757EC /* Campton-ExtraBold.ttf */; };
		EB8F04A421CAC62E003757EC /* Campton-ExtraLightItalic.ttf in Resources */ = {isa = PBXBuildFile; fileRef = EB8F048F21CAC62D003757EC /* Campton-ExtraLightItalic.ttf */; };
		EB8F04A521CAC62E003757EC /* Montserrat-Bold.ttf in Resources */ = {isa = PBXBuildFile; fileRef = EB8F049021CAC62D003757EC /* Montserrat-Bold.ttf */; };
		EB8F04A621CAC62E003757EC /* KittenSlantTrial.ttf in Resources */ = {isa = PBXBuildFile; fileRef = EB8F049121CAC62D003757EC /* KittenSlantTrial.ttf */; };
		EB8F04A721CAC62E003757EC /* Campton-Medium.ttf in Resources */ = {isa = PBXBuildFile; fileRef = EB8F049221CAC62D003757EC /* Campton-Medium.ttf */; };
		EB8F04A821CAC62E003757EC /* Campton-MediumItalic.ttf in Resources */ = {isa = PBXBuildFile; fileRef = EB8F049321CAC62E003757EC /* Campton-MediumItalic.ttf */; };
		EB8F04A921CAC62E003757EC /* Campton-BookItalic.ttf in Resources */ = {isa = PBXBuildFile; fileRef = EB8F049421CAC62E003757EC /* Campton-BookItalic.ttf */; };
		EB8F04AA21CAC62E003757EC /* Campton-SemiBold.ttf in Resources */ = {isa = PBXBuildFile; fileRef = EB8F049521CAC62E003757EC /* Campton-SemiBold.ttf */; };
		EB8F04AB21CAC62E003757EC /* Campton-BlackItalic.ttf in Resources */ = {isa = PBXBuildFile; fileRef = EB8F049621CAC62E003757EC /* Campton-BlackItalic.ttf */; };
		EB8F04AC21CAC62E003757EC /* Campton-Bold.ttf in Resources */ = {isa = PBXBuildFile; fileRef = EB8F049721CAC62E003757EC /* Campton-Bold.ttf */; };
		EB8F04AD21CAC62E003757EC /* Campton-Thin.ttf in Resources */ = {isa = PBXBuildFile; fileRef = EB8F049821CAC62E003757EC /* Campton-Thin.ttf */; };
		EB8F04AE21CAC62E003757EC /* Campton-ExtraBoldItalic.ttf in Resources */ = {isa = PBXBuildFile; fileRef = EB8F049921CAC62E003757EC /* Campton-ExtraBoldItalic.ttf */; };
		EB8F04AF21CAC62E003757EC /* Campton-Black.ttf in Resources */ = {isa = PBXBuildFile; fileRef = EB8F049A21CAC62E003757EC /* Campton-Black.ttf */; };
		EB8F04B321CAE2E6003757EC /* ProfileViewController.swift in Sources */ = {isa = PBXBuildFile; fileRef = EB8F04B221CAE2E6003757EC /* ProfileViewController.swift */; };
		EB8F04B521CAE330003757EC /* ChatViewController.swift in Sources */ = {isa = PBXBuildFile; fileRef = EB8F04B421CAE330003757EC /* ChatViewController.swift */; };
		EB8F04C721CAE5D6003757EC /* UIGradientView.swift in Sources */ = {isa = PBXBuildFile; fileRef = EB8F04C621CAE5D6003757EC /* UIGradientView.swift */; };
		EB8F04D921CAE678003757EC /* ImageCollectionViewCell.swift in Sources */ = {isa = PBXBuildFile; fileRef = EB8F04CE21CAE677003757EC /* ImageCollectionViewCell.swift */; };
		EB8F04DA21CAE678003757EC /* CollectionViewCell.xib in Resources */ = {isa = PBXBuildFile; fileRef = EB8F04CF21CAE677003757EC /* CollectionViewCell.xib */; };
		EB8F04DB21CAE678003757EC /* HoopSwitchCell.swift in Sources */ = {isa = PBXBuildFile; fileRef = EB8F04D021CAE677003757EC /* HoopSwitchCell.swift */; };
		EB8F04DC21CAE678003757EC /* HoopRangeCell.swift in Sources */ = {isa = PBXBuildFile; fileRef = EB8F04D121CAE678003757EC /* HoopRangeCell.swift */; };
		EB8F04DD21CAE678003757EC /* HoopTextViewCell.swift in Sources */ = {isa = PBXBuildFile; fileRef = EB8F04D221CAE678003757EC /* HoopTextViewCell.swift */; };
		EB8F04DE21CAE678003757EC /* HoopTextViewCell.xib in Resources */ = {isa = PBXBuildFile; fileRef = EB8F04D321CAE678003757EC /* HoopTextViewCell.xib */; };
		EB8F04DF21CAE678003757EC /* HoopSwitchCell.xib in Resources */ = {isa = PBXBuildFile; fileRef = EB8F04D421CAE678003757EC /* HoopSwitchCell.xib */; };
		EB8F04E021CAE678003757EC /* PickerCell.xib in Resources */ = {isa = PBXBuildFile; fileRef = EB8F04D521CAE678003757EC /* PickerCell.xib */; };
		EB8F04E121CAE678003757EC /* HoopLabelCell.xib in Resources */ = {isa = PBXBuildFile; fileRef = EB8F04D621CAE678003757EC /* HoopLabelCell.xib */; };
		EB8F04E221CAE678003757EC /* HoopRangeCell.xib in Resources */ = {isa = PBXBuildFile; fileRef = EB8F04D721CAE678003757EC /* HoopRangeCell.xib */; };
		EB8F04E321CAE678003757EC /* HoopLabelCell.swift in Sources */ = {isa = PBXBuildFile; fileRef = EB8F04D821CAE678003757EC /* HoopLabelCell.swift */; };
		EB8F04E521CAE684003757EC /* RangeSlider.swift in Sources */ = {isa = PBXBuildFile; fileRef = EB8F04E421CAE684003757EC /* RangeSlider.swift */; };
		EB8F04E721CAEB71003757EC /* loginVideoBackground.mp4 in Resources */ = {isa = PBXBuildFile; fileRef = EB8F04E621CAEB71003757EC /* loginVideoBackground.mp4 */; };
		EB8F04EA21CAEE0A003757EC /* VideoCutter.swift in Sources */ = {isa = PBXBuildFile; fileRef = EB8F04E821CAEE0A003757EC /* VideoCutter.swift */; };
		EB8F04EB21CAEE0A003757EC /* VideoSplashViewController.swift in Sources */ = {isa = PBXBuildFile; fileRef = EB8F04E921CAEE0A003757EC /* VideoSplashViewController.swift */; };
		EB8F04ED21CAEF18003757EC /* UIColor+colors.swift in Sources */ = {isa = PBXBuildFile; fileRef = EB8F04EC21CAEF18003757EC /* UIColor+colors.swift */; };
		EB8F04F021CBA55A003757EC /* UILabel+stylizable.swift in Sources */ = {isa = PBXBuildFile; fileRef = EB8F04EF21CBA55A003757EC /* UILabel+stylizable.swift */; };
		EB8F04F221CBA603003757EC /* UITapGestureRecognizer+tapInText.swift in Sources */ = {isa = PBXBuildFile; fileRef = EB8F04F121CBA603003757EC /* UITapGestureRecognizer+tapInText.swift */; };
		EB8F050021CBB52E003757EC /* FacebookHandler.swift in Sources */ = {isa = PBXBuildFile; fileRef = EB8F04FF21CBB52E003757EC /* FacebookHandler.swift */; };
		EB8F050221CBB7FB003757EC /* AccountKitHandler.swift in Sources */ = {isa = PBXBuildFile; fileRef = EB8F050121CBB7FB003757EC /* AccountKitHandler.swift */; };
		EB8F051221CBBEBF003757EC /* Futures.framework in Frameworks */ = {isa = PBXBuildFile; fileRef = EB8F050B21CBBEBE003757EC /* Futures.framework */; };
		EB8F051421CBBEBF003757EC /* RSKPlaceholderTextView.framework in Frameworks */ = {isa = PBXBuildFile; fileRef = EB8F050D21CBBEBF003757EC /* RSKPlaceholderTextView.framework */; };
		EB8F051721CBBEC7003757EC /* Eureka.framework in Frameworks */ = {isa = PBXBuildFile; fileRef = EB8F050C21CBBEBF003757EC /* Eureka.framework */; };
		EB8F051821CBBEC8003757EC /* Eureka.framework in Embed Frameworks */ = {isa = PBXBuildFile; fileRef = EB8F050C21CBBEBF003757EC /* Eureka.framework */; settings = {ATTRIBUTES = (CodeSignOnCopy, RemoveHeadersOnCopy, ); }; };
		EB8F051E21CBBEC8003757EC /* Futures.framework in Embed Frameworks */ = {isa = PBXBuildFile; fileRef = EB8F050B21CBBEBE003757EC /* Futures.framework */; settings = {ATTRIBUTES = (CodeSignOnCopy, RemoveHeadersOnCopy, ); }; };
		EB8F051F21CBBEC8003757EC /* Hero.framework in Frameworks */ = {isa = PBXBuildFile; fileRef = EB8F050A21CBBEBE003757EC /* Hero.framework */; };
		EB8F052021CBBEC8003757EC /* Hero.framework in Embed Frameworks */ = {isa = PBXBuildFile; fileRef = EB8F050A21CBBEBE003757EC /* Hero.framework */; settings = {ATTRIBUTES = (CodeSignOnCopy, RemoveHeadersOnCopy, ); }; };
		EB8F052221CBBEC8003757EC /* RSKPlaceholderTextView.framework in Embed Frameworks */ = {isa = PBXBuildFile; fileRef = EB8F050D21CBBEBF003757EC /* RSKPlaceholderTextView.framework */; settings = {ATTRIBUTES = (CodeSignOnCopy, RemoveHeadersOnCopy, ); }; };
		EB8F052521CBDEF8003757EC /* PopupProvider.swift in Sources */ = {isa = PBXBuildFile; fileRef = EB8F052421CBDEF8003757EC /* PopupProvider.swift */; };
		EB8F052C21CBDF91003757EC /* SwiftEntryKit.framework in Frameworks */ = {isa = PBXBuildFile; fileRef = EB8F052621CBDF87003757EC /* SwiftEntryKit.framework */; };
		EB8F052D21CBDF91003757EC /* SwiftEntryKit.framework in Embed Frameworks */ = {isa = PBXBuildFile; fileRef = EB8F052621CBDF87003757EC /* SwiftEntryKit.framework */; settings = {ATTRIBUTES = (CodeSignOnCopy, RemoveHeadersOnCopy, ); }; };
		EB8F052F21CBE122003757EC /* UIFont+main.swift in Sources */ = {isa = PBXBuildFile; fileRef = EB8F052E21CBE122003757EC /* UIFont+main.swift */; };
		EB8F053421CD2A3E003757EC /* HoopNetworkApi.swift in Sources */ = {isa = PBXBuildFile; fileRef = EB8F053321CD2A3E003757EC /* HoopNetworkApi.swift */; };
		EB8F053D21CD2F04003757EC /* Alamofire.framework in Frameworks */ = {isa = PBXBuildFile; fileRef = EB8F053621CD2EE5003757EC /* Alamofire.framework */; };
		EB8F053E21CD2F04003757EC /* Alamofire.framework in Embed Frameworks */ = {isa = PBXBuildFile; fileRef = EB8F053621CD2EE5003757EC /* Alamofire.framework */; settings = {ATTRIBUTES = (CodeSignOnCopy, RemoveHeadersOnCopy, ); }; };
		EB8F053F21CD2F04003757EC /* AlamofireImage.framework in Frameworks */ = {isa = PBXBuildFile; fileRef = EB8F053721CD2EE5003757EC /* AlamofireImage.framework */; };
		EB8F054021CD2F04003757EC /* AlamofireImage.framework in Embed Frameworks */ = {isa = PBXBuildFile; fileRef = EB8F053721CD2EE5003757EC /* AlamofireImage.framework */; settings = {ATTRIBUTES = (CodeSignOnCopy, RemoveHeadersOnCopy, ); }; };
		EB8F054121CD2F04003757EC /* SwiftyJSON.framework in Frameworks */ = {isa = PBXBuildFile; fileRef = EB8F053521CD2EE5003757EC /* SwiftyJSON.framework */; };
		EB8F054221CD2F04003757EC /* SwiftyJSON.framework in Embed Frameworks */ = {isa = PBXBuildFile; fileRef = EB8F053521CD2EE5003757EC /* SwiftyJSON.framework */; settings = {ATTRIBUTES = (CodeSignOnCopy, RemoveHeadersOnCopy, ); }; };
		EB8F054521CD2F30003757EC /* QuickLayout.framework in Frameworks */ = {isa = PBXBuildFile; fileRef = EB8F054321CD2F2A003757EC /* QuickLayout.framework */; };
		EB8F054621CD2F30003757EC /* QuickLayout.framework in Embed Frameworks */ = {isa = PBXBuildFile; fileRef = EB8F054321CD2F2A003757EC /* QuickLayout.framework */; settings = {ATTRIBUTES = (CodeSignOnCopy, RemoveHeadersOnCopy, ); }; };
		EB8F054821CD31C2003757EC /* AlamofireWrapper.swift in Sources */ = {isa = PBXBuildFile; fileRef = EB8F054721CD31C2003757EC /* AlamofireWrapper.swift */; };
		EB8F055121CD529E003757EC /* Bolts.framework in Frameworks */ = {isa = PBXBuildFile; fileRef = EB8F054B21CD5279003757EC /* Bolts.framework */; };
		EB8F055221CD529E003757EC /* Bolts.framework in Embed Frameworks */ = {isa = PBXBuildFile; fileRef = EB8F054B21CD5279003757EC /* Bolts.framework */; settings = {ATTRIBUTES = (CodeSignOnCopy, RemoveHeadersOnCopy, ); }; };
		EB8F055321CD529E003757EC /* FacebookCore.framework in Frameworks */ = {isa = PBXBuildFile; fileRef = EB8F054D21CD5279003757EC /* FacebookCore.framework */; };
		EB8F055421CD529E003757EC /* FacebookCore.framework in Embed Frameworks */ = {isa = PBXBuildFile; fileRef = EB8F054D21CD5279003757EC /* FacebookCore.framework */; settings = {ATTRIBUTES = (CodeSignOnCopy, RemoveHeadersOnCopy, ); }; };
		EB8F055521CD529E003757EC /* FacebookLogin.framework in Frameworks */ = {isa = PBXBuildFile; fileRef = EB8F054C21CD5279003757EC /* FacebookLogin.framework */; };
		EB8F055621CD529E003757EC /* FacebookLogin.framework in Embed Frameworks */ = {isa = PBXBuildFile; fileRef = EB8F054C21CD5279003757EC /* FacebookLogin.framework */; settings = {ATTRIBUTES = (CodeSignOnCopy, RemoveHeadersOnCopy, ); }; };
		EB8F055A21CD645B003757EC /* FBSDKCoreKit.framework in Frameworks */ = {isa = PBXBuildFile; fileRef = EB8F055821CD645B003757EC /* FBSDKCoreKit.framework */; };
		EB8F055C21CD6461003757EC /* FBSDKCoreKit.framework in Embed Frameworks */ = {isa = PBXBuildFile; fileRef = EB8F055821CD645B003757EC /* FBSDKCoreKit.framework */; settings = {ATTRIBUTES = (CodeSignOnCopy, RemoveHeadersOnCopy, ); }; };
		EB8F055D21CD6461003757EC /* FBSDKLoginKit.framework in Frameworks */ = {isa = PBXBuildFile; fileRef = EB8F055721CD645B003757EC /* FBSDKLoginKit.framework */; };
		EB8F055E21CD6461003757EC /* FBSDKLoginKit.framework in Embed Frameworks */ = {isa = PBXBuildFile; fileRef = EB8F055721CD645B003757EC /* FBSDKLoginKit.framework */; settings = {ATTRIBUTES = (CodeSignOnCopy, RemoveHeadersOnCopy, ); }; };
		EB9B5C1C21CFD2A4000C8008 /* CirclesOverlay.swift in Sources */ = {isa = PBXBuildFile; fileRef = EB9B5C1B21CFD2A4000C8008 /* CirclesOverlay.swift */; };
		EBAEF3AA21DCD1EE0024CDF9 /* Defaults.swift in Sources */ = {isa = PBXBuildFile; fileRef = EBAEF3A921DCD1EE0024CDF9 /* Defaults.swift */; };
		EBAEF3AC21DCE88A0024CDF9 /* Date+age.swift in Sources */ = {isa = PBXBuildFile; fileRef = EBAEF3AB21DCE88A0024CDF9 /* Date+age.swift */; };
		EBAEF3AE21DD0AEC0024CDF9 /* UIViewController+customNavigationBar.swift in Sources */ = {isa = PBXBuildFile; fileRef = EBAEF3AD21DD0AEC0024CDF9 /* UIViewController+customNavigationBar.swift */; };
		EBAEF3B021DD18ED0024CDF9 /* UIButton+actionClosure.swift in Sources */ = {isa = PBXBuildFile; fileRef = EBAEF3AF21DD18ED0024CDF9 /* UIButton+actionClosure.swift */; };
		EBAEF3B721DD2C260024CDF9 /* UINavigationController+replaceRoot.swift in Sources */ = {isa = PBXBuildFile; fileRef = EBAEF3B621DD2C260024CDF9 /* UINavigationController+replaceRoot.swift */; };
		EBAEF3B921DDE7D60024CDF9 /* HoopDateCell.swift in Sources */ = {isa = PBXBuildFile; fileRef = EBAEF3B821DDE7D60024CDF9 /* HoopDateCell.swift */; };
		EBAEF3BD21DDE8190024CDF9 /* HoopDateCell.xib in Resources */ = {isa = PBXBuildFile; fileRef = EBAEF3BC21DDE8190024CDF9 /* HoopDateCell.xib */; };
		EBAF773C21E3937B00E75FD1 /* KeyedEncodingContainer+UIImage.swift in Sources */ = {isa = PBXBuildFile; fileRef = EBAF773B21E3937B00E75FD1 /* KeyedEncodingContainer+UIImage.swift */; };
/* End PBXBuildFile section */

/* Begin PBXContainerItemProxy section */
		EB28B62C21C3BDB400CFF1EF /* PBXContainerItemProxy */ = {
			isa = PBXContainerItemProxy;
			containerPortal = EB28B5E721C3B2A900CFF1EF /* Project object */;
			proxyType = 1;
			remoteGlobalIDString = EB28B5EE21C3B2A900CFF1EF;
			remoteInfo = hoop;
		};
/* End PBXContainerItemProxy section */

/* Begin PBXCopyFilesBuildPhase section */
		EB8F052321CBBEC8003757EC /* Embed Frameworks */ = {
			isa = PBXCopyFilesBuildPhase;
			buildActionMask = 2147483647;
			dstPath = "";
			dstSubfolderSpec = 10;
			files = (
				EB8F052221CBBEC8003757EC /* RSKPlaceholderTextView.framework in Embed Frameworks */,
				EB8F051E21CBBEC8003757EC /* Futures.framework in Embed Frameworks */,
				EB8F053E21CD2F04003757EC /* Alamofire.framework in Embed Frameworks */,
				EB8F054621CD2F30003757EC /* QuickLayout.framework in Embed Frameworks */,
				EB45ED5621F62ECB00597E77 /* Kingfisher.framework in Embed Frameworks */,
				EB8F055E21CD6461003757EC /* FBSDKLoginKit.framework in Embed Frameworks */,
				EB7F7FDF21EDF142003B375C /* AccountKit.framework in Embed Frameworks */,
				EB8F052021CBBEC8003757EC /* Hero.framework in Embed Frameworks */,
				EB72272221F227E0008DF621 /* Mapbox.framework in Embed Frameworks */,
				EB77871721D53BBF002CBA02 /* MoreCodable.framework in Embed Frameworks */,
				EB8F055221CD529E003757EC /* Bolts.framework in Embed Frameworks */,
				EB8F054021CD2F04003757EC /* AlamofireImage.framework in Embed Frameworks */,
				EB8F054221CD2F04003757EC /* SwiftyJSON.framework in Embed Frameworks */,
				EB8F055C21CD6461003757EC /* FBSDKCoreKit.framework in Embed Frameworks */,
				EB8F051821CBBEC8003757EC /* Eureka.framework in Embed Frameworks */,
				EB8F055421CD529E003757EC /* FacebookCore.framework in Embed Frameworks */,
				EB8F055621CD529E003757EC /* FacebookLogin.framework in Embed Frameworks */,
				EB8F052D21CBDF91003757EC /* SwiftEntryKit.framework in Embed Frameworks */,
			);
			name = "Embed Frameworks";
			runOnlyForDeploymentPostprocessing = 0;
		};
/* End PBXCopyFilesBuildPhase section */

/* Begin PBXFileReference section */
		EB28B5EF21C3B2A900CFF1EF /* hoop.app */ = {isa = PBXFileReference; explicitFileType = wrapper.application; includeInIndex = 0; path = hoop.app; sourceTree = BUILT_PRODUCTS_DIR; };
		EB28B5F221C3B2A900CFF1EF /* AppDelegate.swift */ = {isa = PBXFileReference; lastKnownFileType = sourcecode.swift; path = AppDelegate.swift; sourceTree = "<group>"; };
		EB28B5F721C3B2A900CFF1EF /* Base */ = {isa = PBXFileReference; lastKnownFileType = file.storyboard; name = Base; path = Base.lproj/Main.storyboard; sourceTree = "<group>"; };
		EB28B5F921C3B2AA00CFF1EF /* Assets.xcassets */ = {isa = PBXFileReference; lastKnownFileType = folder.assetcatalog; path = Assets.xcassets; sourceTree = "<group>"; };
		EB28B5FC21C3B2AA00CFF1EF /* Base */ = {isa = PBXFileReference; lastKnownFileType = file.storyboard; name = Base; path = Base.lproj/LaunchScreen.storyboard; sourceTree = "<group>"; };
		EB28B5FE21C3B2AA00CFF1EF /* Info.plist */ = {isa = PBXFileReference; lastKnownFileType = text.plist.xml; path = Info.plist; sourceTree = "<group>"; };
		EB28B61921C3B43300CFF1EF /* CGFloat+random.swift */ = {isa = PBXFileReference; lastKnownFileType = sourcecode.swift; path = "CGFloat+random.swift"; sourceTree = "<group>"; };
		EB28B61B21C3B45000CFF1EF /* UIColor+random.swift */ = {isa = PBXFileReference; lastKnownFileType = sourcecode.swift; path = "UIColor+random.swift"; sourceTree = "<group>"; };
		EB28B61D21C3B4B600CFF1EF /* profile.swift */ = {isa = PBXFileReference; fileEncoding = 4; lastKnownFileType = sourcecode.swift; name = profile.swift; path = Models/profile.swift; sourceTree = "<group>"; };
		EB28B61E21C3B4B600CFF1EF /* hoop.swift */ = {isa = PBXFileReference; fileEncoding = 4; lastKnownFileType = sourcecode.swift; name = hoop.swift; path = Models/hoop.swift; sourceTree = "<group>"; };
		EB28B62121C3B88B00CFF1EF /* DateFormatter+shortcuts.swift */ = {isa = PBXFileReference; lastKnownFileType = sourcecode.swift; path = "DateFormatter+shortcuts.swift"; sourceTree = "<group>"; };
		EB28B62721C3BDB400CFF1EF /* hoopTests.xctest */ = {isa = PBXFileReference; explicitFileType = wrapper.cfbundle; includeInIndex = 0; path = hoopTests.xctest; sourceTree = BUILT_PRODUCTS_DIR; };
		EB28B62921C3BDB400CFF1EF /* hoopTests.swift */ = {isa = PBXFileReference; lastKnownFileType = sourcecode.swift; path = hoopTests.swift; sourceTree = "<group>"; };
		EB28B62B21C3BDB400CFF1EF /* Info.plist */ = {isa = PBXFileReference; lastKnownFileType = text.plist.xml; path = Info.plist; sourceTree = "<group>"; };
		EB28B63221C3BFD100CFF1EF /* XCTest.framework */ = {isa = PBXFileReference; lastKnownFileType = wrapper.framework; name = XCTest.framework; path = Platforms/iPhoneOS.platform/Developer/Library/Frameworks/XCTest.framework; sourceTree = DEVELOPER_DIR; };
		EB28B63421C3F27F00CFF1EF /* conversation.swift */ = {isa = PBXFileReference; lastKnownFileType = sourcecode.swift; name = conversation.swift; path = Models/conversation.swift; sourceTree = "<group>"; };
		EB28B63821C3F57200CFF1EF /* message.swift */ = {isa = PBXFileReference; fileEncoding = 4; lastKnownFileType = sourcecode.swift; name = message.swift; path = Models/message.swift; sourceTree = "<group>"; };
		EB31DFC921E4FDAC005D0530 /* hoopIn.swift */ = {isa = PBXFileReference; lastKnownFileType = sourcecode.swift; name = hoopIn.swift; path = Models/hoopIn.swift; sourceTree = "<group>"; };
		EB31DFCD21E51201005D0530 /* Timestamp.swift */ = {isa = PBXFileReference; lastKnownFileType = sourcecode.swift; name = Timestamp.swift; path = Utils/Timestamp.swift; sourceTree = "<group>"; };
		EB31DFCF21E60C10005D0530 /* MessagePopupView.xib */ = {isa = PBXFileReference; fileEncoding = 4; lastKnownFileType = file.xib; path = MessagePopupView.xib; sourceTree = "<group>"; };
		EB31DFD021E60C10005D0530 /* MessagePopupView.swift */ = {isa = PBXFileReference; fileEncoding = 4; lastKnownFileType = sourcecode.swift; path = MessagePopupView.swift; sourceTree = "<group>"; };
		EB31DFD321E60D29005D0530 /* TwoChoicesPopupView.swift */ = {isa = PBXFileReference; lastKnownFileType = sourcecode.swift; path = TwoChoicesPopupView.swift; sourceTree = "<group>"; };
		EB31DFD521E60D52005D0530 /* TwoChoicesPopupView.xib */ = {isa = PBXFileReference; lastKnownFileType = file.xib; path = TwoChoicesPopupView.xib; sourceTree = "<group>"; };
		EB31DFD721E61285005D0530 /* Object+ClassName.swift */ = {isa = PBXFileReference; fileEncoding = 4; lastKnownFileType = sourcecode.swift; path = "Object+ClassName.swift"; sourceTree = "<group>"; };
		EB31DFD821E61285005D0530 /* UIView+Nib.swift */ = {isa = PBXFileReference; fileEncoding = 4; lastKnownFileType = sourcecode.swift; path = "UIView+Nib.swift"; sourceTree = "<group>"; };
		EB45ED5321F62EBB00597E77 /* Kingfisher.framework */ = {isa = PBXFileReference; lastKnownFileType = wrapper.framework; name = Kingfisher.framework; path = hoop/Frameworks/Kingfisher.framework; sourceTree = "<group>"; };
		EB45ED5821F7651F00597E77 /* InputTextFieldBar.xib */ = {isa = PBXFileReference; fileEncoding = 4; lastKnownFileType = file.xib; name = InputTextFieldBar.xib; path = hoop/UI/Views/InputTextFieldBar.xib; sourceTree = SOURCE_ROOT; };
		EB45ED5921F7651F00597E77 /* InputTextFieldBar.swift */ = {isa = PBXFileReference; fileEncoding = 4; lastKnownFileType = sourcecode.swift; name = InputTextFieldBar.swift; path = hoop/UI/Views/InputTextFieldBar.swift; sourceTree = SOURCE_ROOT; };
		EB45ED5C21F87B8800597E77 /* UInt64+random.swift */ = {isa = PBXFileReference; lastKnownFileType = sourcecode.swift; path = "UInt64+random.swift"; sourceTree = "<group>"; };
		EB45ED5E21F8BC3B00597E77 /* ChatHeaderView.swift */ = {isa = PBXFileReference; lastKnownFileType = sourcecode.swift; name = ChatHeaderView.swift; path = hoop/UI/Views/ChatHeaderView.swift; sourceTree = SOURCE_ROOT; };
		EB45ED6021F8BC5A00597E77 /* ChatHeaderView.xib */ = {isa = PBXFileReference; lastKnownFileType = file.xib; name = ChatHeaderView.xib; path = hoop/UI/Views/ChatHeaderView.xib; sourceTree = SOURCE_ROOT; };
		EB72271D21F0D80F008DF621 /* Defaults+DefaultsKey.swift */ = {isa = PBXFileReference; lastKnownFileType = sourcecode.swift; path = "Defaults+DefaultsKey.swift"; sourceTree = "<group>"; };
		EB72271F21F227D2008DF621 /* Mapbox.framework */ = {isa = PBXFileReference; lastKnownFileType = wrapper.framework; name = Mapbox.framework; path = hoop/Frameworks/Mapbox.framework; sourceTree = "<group>"; };
		EB72272321F22899008DF621 /* MapBoxViewController.swift */ = {isa = PBXFileReference; lastKnownFileType = sourcecode.swift; path = MapBoxViewController.swift; sourceTree = "<group>"; };
		EB77870C21D4DF73002CBA02 /* hoopApiResponse.swift */ = {isa = PBXFileReference; lastKnownFileType = sourcecode.swift; name = hoopApiResponse.swift; path = Models/hoopApiResponse.swift; sourceTree = "<group>"; };
		EB77870E21D4DF92002CBA02 /* fbme.swift */ = {isa = PBXFileReference; fileEncoding = 4; lastKnownFileType = sourcecode.swift; name = fbme.swift; path = Models/fbme.swift; sourceTree = "<group>"; };
		EB77871021D4E180002CBA02 /* JSONDecoder+decodable.swift */ = {isa = PBXFileReference; lastKnownFileType = sourcecode.swift; path = "JSONDecoder+decodable.swift"; sourceTree = "<group>"; };
		EB77871421D53BA8002CBA02 /* MoreCodable.framework */ = {isa = PBXFileReference; lastKnownFileType = wrapper.framework; name = MoreCodable.framework; path = hoop/Frameworks/MoreCodable.framework; sourceTree = "<group>"; };
		EB7F7FCF21E63228003B375C /* RennesInsa.gpx */ = {isa = PBXFileReference; fileEncoding = 4; lastKnownFileType = text.xml; name = RennesInsa.gpx; path = Mock/Location/RennesInsa.gpx; sourceTree = "<group>"; };
		EB7F7FD021E63228003B375C /* Boulogne.gpx */ = {isa = PBXFileReference; fileEncoding = 4; lastKnownFileType = text.xml; name = Boulogne.gpx; path = Mock/Location/Boulogne.gpx; sourceTree = "<group>"; };
		EB7F7FD121E63228003B375C /* Poitiers.gpx */ = {isa = PBXFileReference; fileEncoding = 4; lastKnownFileType = text.xml; name = Poitiers.gpx; path = Mock/Location/Poitiers.gpx; sourceTree = "<group>"; };
		EB7F7FD221E63228003B375C /* ParisSaintGermain.gpx */ = {isa = PBXFileReference; fileEncoding = 4; lastKnownFileType = text.xml; name = ParisSaintGermain.gpx; path = Mock/Location/ParisSaintGermain.gpx; sourceTree = "<group>"; };
		EB7F7FD721EC9D81003B375C /* ImageManipulator.swift */ = {isa = PBXFileReference; lastKnownFileType = sourcecode.swift; name = ImageManipulator.swift; path = Utils/ImageManipulator.swift; sourceTree = "<group>"; };
		EB7F7FD921ECDF83003B375C /* Dictionnary+Plus.swift */ = {isa = PBXFileReference; lastKnownFileType = sourcecode.swift; path = "Dictionnary+Plus.swift"; sourceTree = "<group>"; };
		EB7F7FDB21EDC536003B375C /* hoop.entitlements */ = {isa = PBXFileReference; lastKnownFileType = text.plist.entitlements; path = hoop.entitlements; sourceTree = "<group>"; };
		EB7F7FDC21EDF124003B375C /* AccountKit.framework */ = {isa = PBXFileReference; lastKnownFileType = wrapper.framework; name = AccountKit.framework; path = hoop/Frameworks/AccountKit.framework; sourceTree = "<group>"; };
		EB7F7FE121EE0590003B375C /* InputGenderViewController.swift */ = {isa = PBXFileReference; fileEncoding = 4; lastKnownFileType = sourcecode.swift; name = InputGenderViewController.swift; path = TunnelViewControllers/InputGenderViewController.swift; sourceTree = "<group>"; };
		EB7F7FE221EE0590003B375C /* InputEmailViewController.swift */ = {isa = PBXFileReference; fileEncoding = 4; lastKnownFileType = sourcecode.swift; name = InputEmailViewController.swift; path = TunnelViewControllers/InputEmailViewController.swift; sourceTree = "<group>"; };
		EB7F7FE321EE0590003B375C /* InputAgeViewController.swift */ = {isa = PBXFileReference; fileEncoding = 4; lastKnownFileType = sourcecode.swift; name = InputAgeViewController.swift; path = TunnelViewControllers/InputAgeViewController.swift; sourceTree = "<group>"; };
		EB7F7FE421EE0590003B375C /* InputNameViewController.swift */ = {isa = PBXFileReference; fileEncoding = 4; lastKnownFileType = sourcecode.swift; name = InputNameViewController.swift; path = TunnelViewControllers/InputNameViewController.swift; sourceTree = "<group>"; };
		EB7F7FE921EE0C66003B375C /* String+Trim.swift */ = {isa = PBXFileReference; lastKnownFileType = sourcecode.swift; path = "String+Trim.swift"; sourceTree = "<group>"; };
		EB7F7FEB21EE0C85003B375C /* String+Capitalize.swift */ = {isa = PBXFileReference; lastKnownFileType = sourcecode.swift; path = "String+Capitalize.swift"; sourceTree = "<group>"; };
		EB862C7B21DE061C0051E3A7 /* HoopListCheckCell.swift */ = {isa = PBXFileReference; lastKnownFileType = sourcecode.swift; name = HoopListCheckCell.swift; path = FormCells/HoopListCheckCell.swift; sourceTree = "<group>"; };
		EB862C7D21DE075C0051E3A7 /* HoopListCheckCell.xib */ = {isa = PBXFileReference; lastKnownFileType = file.xib; name = HoopListCheckCell.xib; path = FormCells/HoopListCheckCell.xib; sourceTree = "<group>"; };
		EB862C8121DE1C7D0051E3A7 /* faqEntry.swift */ = {isa = PBXFileReference; fileEncoding = 4; lastKnownFileType = sourcecode.swift; name = faqEntry.swift; path = Models/faqEntry.swift; sourceTree = "<group>"; };
		EB862C8321DE40420051E3A7 /* condition.swift */ = {isa = PBXFileReference; lastKnownFileType = sourcecode.swift; name = condition.swift; path = Models/condition.swift; sourceTree = "<group>"; };
		EB862C8521DE5F130051E3A7 /* fbPictures.swift */ = {isa = PBXFileReference; lastKnownFileType = sourcecode.swift; name = fbPictures.swift; path = Models/fbPictures.swift; sourceTree = "<group>"; };
		EB8F046221CAB630003757EC /* SwiftRouter.swift */ = {isa = PBXFileReference; fileEncoding = 4; lastKnownFileType = sourcecode.swift; name = SwiftRouter.swift; path = Routing/SwiftRouter.swift; sourceTree = "<group>"; };
		EB8F046421CAB6F3003757EC /* LoginViewController.swift */ = {isa = PBXFileReference; lastKnownFileType = sourcecode.swift; path = LoginViewController.swift; sourceTree = "<group>"; };
		EB8F046621CAB779003757EC /* InfoTunnelViewController.swift */ = {isa = PBXFileReference; lastKnownFileType = sourcecode.swift; path = InfoTunnelViewController.swift; sourceTree = "<group>"; };
		EB8F046821CAB799003757EC /* ParametersViewController.swift */ = {isa = PBXFileReference; lastKnownFileType = sourcecode.swift; path = ParametersViewController.swift; sourceTree = "<group>"; };
		EB8F046A21CAB7D8003757EC /* TutorialViewController.swift */ = {isa = PBXFileReference; lastKnownFileType = sourcecode.swift; path = TutorialViewController.swift; sourceTree = "<group>"; };
		EB8F046C21CAB81C003757EC /* MapViewController.swift */ = {isa = PBXFileReference; lastKnownFileType = sourcecode.swift; path = MapViewController.swift; sourceTree = "<group>"; };
		EB8F046E21CAB8DE003757EC /* ConversationViewController.swift */ = {isa = PBXFileReference; lastKnownFileType = sourcecode.swift; path = ConversationViewController.swift; sourceTree = "<group>"; };
		EB8F047021CAB956003757EC /* FaqViewController.swift */ = {isa = PBXFileReference; lastKnownFileType = sourcecode.swift; path = FaqViewController.swift; sourceTree = "<group>"; };
		EB8F047221CAB9C9003757EC /* WebViewController.swift */ = {isa = PBXFileReference; lastKnownFileType = sourcecode.swift; path = WebViewController.swift; sourceTree = "<group>"; };
		EB8F047621CABD0D003757EC /* fr */ = {isa = PBXFileReference; lastKnownFileType = text.plist.strings; name = fr; path = fr.lproj/Main.strings; sourceTree = "<group>"; };
		EB8F047721CABD0D003757EC /* fr */ = {isa = PBXFileReference; lastKnownFileType = text.plist.strings; name = fr; path = fr.lproj/LaunchScreen.strings; sourceTree = "<group>"; };
		EB8F047F21CAC1E3003757EC /* fr */ = {isa = PBXFileReference; lastKnownFileType = text.plist.strings; name = fr; path = fr.lproj/Localizable.strings; sourceTree = "<group>"; };
		EB8F048021CAC2B4003757EC /* String+localization.swift */ = {isa = PBXFileReference; lastKnownFileType = sourcecode.swift; path = "String+localization.swift"; sourceTree = "<group>"; };
		EB8F048321CAC350003757EC /* en */ = {isa = PBXFileReference; lastKnownFileType = text.plist.strings; name = en; path = en.lproj/Main.strings; sourceTree = "<group>"; };
		EB8F048621CAC62D003757EC /* Campton-ThinItalic.ttf */ = {isa = PBXFileReference; lastKnownFileType = file; name = "Campton-ThinItalic.ttf"; path = "Fonts/Campton-ThinItalic.ttf"; sourceTree = "<group>"; };
		EB8F048721CAC62D003757EC /* Campton-Book.ttf */ = {isa = PBXFileReference; lastKnownFileType = file; name = "Campton-Book.ttf"; path = "Fonts/Campton-Book.ttf"; sourceTree = "<group>"; };
		EB8F048821CAC62D003757EC /* Montserrat-Regular.ttf */ = {isa = PBXFileReference; lastKnownFileType = file; name = "Montserrat-Regular.ttf"; path = "Fonts/Montserrat-Regular.ttf"; sourceTree = "<group>"; };
		EB8F048921CAC62D003757EC /* Campton-Light.ttf */ = {isa = PBXFileReference; lastKnownFileType = file; name = "Campton-Light.ttf"; path = "Fonts/Campton-Light.ttf"; sourceTree = "<group>"; };
		EB8F048A21CAC62D003757EC /* Campton-ExtraLight.ttf */ = {isa = PBXFileReference; lastKnownFileType = file; name = "Campton-ExtraLight.ttf"; path = "Fonts/Campton-ExtraLight.ttf"; sourceTree = "<group>"; };
		EB8F048B21CAC62D003757EC /* Campton-BoldItalic.ttf */ = {isa = PBXFileReference; lastKnownFileType = file; name = "Campton-BoldItalic.ttf"; path = "Fonts/Campton-BoldItalic.ttf"; sourceTree = "<group>"; };
		EB8F048C21CAC62D003757EC /* Campton-LightItalic.ttf */ = {isa = PBXFileReference; lastKnownFileType = file; name = "Campton-LightItalic.ttf"; path = "Fonts/Campton-LightItalic.ttf"; sourceTree = "<group>"; };
		EB8F048D21CAC62D003757EC /* Campton-SemiBoldItalic.ttf */ = {isa = PBXFileReference; lastKnownFileType = file; name = "Campton-SemiBoldItalic.ttf"; path = "Fonts/Campton-SemiBoldItalic.ttf"; sourceTree = "<group>"; };
		EB8F048E21CAC62D003757EC /* Campton-ExtraBold.ttf */ = {isa = PBXFileReference; lastKnownFileType = file; name = "Campton-ExtraBold.ttf"; path = "Fonts/Campton-ExtraBold.ttf"; sourceTree = "<group>"; };
		EB8F048F21CAC62D003757EC /* Campton-ExtraLightItalic.ttf */ = {isa = PBXFileReference; lastKnownFileType = file; name = "Campton-ExtraLightItalic.ttf"; path = "Fonts/Campton-ExtraLightItalic.ttf"; sourceTree = "<group>"; };
		EB8F049021CAC62D003757EC /* Montserrat-Bold.ttf */ = {isa = PBXFileReference; lastKnownFileType = file; name = "Montserrat-Bold.ttf"; path = "Fonts/Montserrat-Bold.ttf"; sourceTree = "<group>"; };
		EB8F049121CAC62D003757EC /* KittenSlantTrial.ttf */ = {isa = PBXFileReference; lastKnownFileType = file; name = KittenSlantTrial.ttf; path = Fonts/KittenSlantTrial.ttf; sourceTree = "<group>"; };
		EB8F049221CAC62D003757EC /* Campton-Medium.ttf */ = {isa = PBXFileReference; lastKnownFileType = file; name = "Campton-Medium.ttf"; path = "Fonts/Campton-Medium.ttf"; sourceTree = "<group>"; };
		EB8F049321CAC62E003757EC /* Campton-MediumItalic.ttf */ = {isa = PBXFileReference; lastKnownFileType = file; name = "Campton-MediumItalic.ttf"; path = "Fonts/Campton-MediumItalic.ttf"; sourceTree = "<group>"; };
		EB8F049421CAC62E003757EC /* Campton-BookItalic.ttf */ = {isa = PBXFileReference; lastKnownFileType = file; name = "Campton-BookItalic.ttf"; path = "Fonts/Campton-BookItalic.ttf"; sourceTree = "<group>"; };
		EB8F049521CAC62E003757EC /* Campton-SemiBold.ttf */ = {isa = PBXFileReference; lastKnownFileType = file; name = "Campton-SemiBold.ttf"; path = "Fonts/Campton-SemiBold.ttf"; sourceTree = "<group>"; };
		EB8F049621CAC62E003757EC /* Campton-BlackItalic.ttf */ = {isa = PBXFileReference; lastKnownFileType = file; name = "Campton-BlackItalic.ttf"; path = "Fonts/Campton-BlackItalic.ttf"; sourceTree = "<group>"; };
		EB8F049721CAC62E003757EC /* Campton-Bold.ttf */ = {isa = PBXFileReference; lastKnownFileType = file; name = "Campton-Bold.ttf"; path = "Fonts/Campton-Bold.ttf"; sourceTree = "<group>"; };
		EB8F049821CAC62E003757EC /* Campton-Thin.ttf */ = {isa = PBXFileReference; lastKnownFileType = file; name = "Campton-Thin.ttf"; path = "Fonts/Campton-Thin.ttf"; sourceTree = "<group>"; };
		EB8F049921CAC62E003757EC /* Campton-ExtraBoldItalic.ttf */ = {isa = PBXFileReference; lastKnownFileType = file; name = "Campton-ExtraBoldItalic.ttf"; path = "Fonts/Campton-ExtraBoldItalic.ttf"; sourceTree = "<group>"; };
		EB8F049A21CAC62E003757EC /* Campton-Black.ttf */ = {isa = PBXFileReference; lastKnownFileType = file; name = "Campton-Black.ttf"; path = "Fonts/Campton-Black.ttf"; sourceTree = "<group>"; };
		EB8F04B221CAE2E6003757EC /* ProfileViewController.swift */ = {isa = PBXFileReference; fileEncoding = 4; lastKnownFileType = sourcecode.swift; path = ProfileViewController.swift; sourceTree = "<group>"; };
		EB8F04B421CAE330003757EC /* ChatViewController.swift */ = {isa = PBXFileReference; lastKnownFileType = sourcecode.swift; path = ChatViewController.swift; sourceTree = "<group>"; };
		EB8F04C621CAE5D6003757EC /* UIGradientView.swift */ = {isa = PBXFileReference; fileEncoding = 4; lastKnownFileType = sourcecode.swift; name = UIGradientView.swift; path = Utils/UIGradientView.swift; sourceTree = "<group>"; };
		EB8F04CE21CAE677003757EC /* ImageCollectionViewCell.swift */ = {isa = PBXFileReference; fileEncoding = 4; lastKnownFileType = sourcecode.swift; name = ImageCollectionViewCell.swift; path = FormCells/ImageCollectionViewCell.swift; sourceTree = "<group>"; };
		EB8F04CF21CAE677003757EC /* CollectionViewCell.xib */ = {isa = PBXFileReference; fileEncoding = 4; lastKnownFileType = file.xib; name = CollectionViewCell.xib; path = FormCells/CollectionViewCell.xib; sourceTree = "<group>"; };
		EB8F04D021CAE677003757EC /* HoopSwitchCell.swift */ = {isa = PBXFileReference; fileEncoding = 4; lastKnownFileType = sourcecode.swift; name = HoopSwitchCell.swift; path = FormCells/HoopSwitchCell.swift; sourceTree = "<group>"; };
		EB8F04D121CAE678003757EC /* HoopRangeCell.swift */ = {isa = PBXFileReference; fileEncoding = 4; lastKnownFileType = sourcecode.swift; name = HoopRangeCell.swift; path = FormCells/HoopRangeCell.swift; sourceTree = "<group>"; };
		EB8F04D221CAE678003757EC /* HoopTextViewCell.swift */ = {isa = PBXFileReference; fileEncoding = 4; lastKnownFileType = sourcecode.swift; name = HoopTextViewCell.swift; path = FormCells/HoopTextViewCell.swift; sourceTree = "<group>"; };
		EB8F04D321CAE678003757EC /* HoopTextViewCell.xib */ = {isa = PBXFileReference; fileEncoding = 4; lastKnownFileType = file.xib; name = HoopTextViewCell.xib; path = FormCells/HoopTextViewCell.xib; sourceTree = "<group>"; };
		EB8F04D421CAE678003757EC /* HoopSwitchCell.xib */ = {isa = PBXFileReference; fileEncoding = 4; lastKnownFileType = file.xib; name = HoopSwitchCell.xib; path = FormCells/HoopSwitchCell.xib; sourceTree = "<group>"; };
		EB8F04D521CAE678003757EC /* PickerCell.xib */ = {isa = PBXFileReference; fileEncoding = 4; lastKnownFileType = file.xib; name = PickerCell.xib; path = FormCells/PickerCell.xib; sourceTree = "<group>"; };
		EB8F04D621CAE678003757EC /* HoopLabelCell.xib */ = {isa = PBXFileReference; fileEncoding = 4; lastKnownFileType = file.xib; name = HoopLabelCell.xib; path = FormCells/HoopLabelCell.xib; sourceTree = "<group>"; };
		EB8F04D721CAE678003757EC /* HoopRangeCell.xib */ = {isa = PBXFileReference; fileEncoding = 4; lastKnownFileType = file.xib; name = HoopRangeCell.xib; path = FormCells/HoopRangeCell.xib; sourceTree = "<group>"; };
		EB8F04D821CAE678003757EC /* HoopLabelCell.swift */ = {isa = PBXFileReference; fileEncoding = 4; lastKnownFileType = sourcecode.swift; name = HoopLabelCell.swift; path = FormCells/HoopLabelCell.swift; sourceTree = "<group>"; };
		EB8F04E421CAE684003757EC /* RangeSlider.swift */ = {isa = PBXFileReference; fileEncoding = 4; lastKnownFileType = sourcecode.swift; name = RangeSlider.swift; path = CustomControls/RangeSlider.swift; sourceTree = "<group>"; };
		EB8F04E621CAEB71003757EC /* loginVideoBackground.mp4 */ = {isa = PBXFileReference; lastKnownFileType = file; path = loginVideoBackground.mp4; sourceTree = "<group>"; };
		EB8F04E821CAEE0A003757EC /* VideoCutter.swift */ = {isa = PBXFileReference; fileEncoding = 4; lastKnownFileType = sourcecode.swift; name = VideoCutter.swift; path = Utils/VideoCutter.swift; sourceTree = "<group>"; };
		EB8F04E921CAEE0A003757EC /* VideoSplashViewController.swift */ = {isa = PBXFileReference; fileEncoding = 4; lastKnownFileType = sourcecode.swift; name = VideoSplashViewController.swift; path = Utils/VideoSplashViewController.swift; sourceTree = "<group>"; };
		EB8F04EC21CAEF18003757EC /* UIColor+colors.swift */ = {isa = PBXFileReference; lastKnownFileType = sourcecode.swift; path = "UIColor+colors.swift"; sourceTree = "<group>"; };
		EB8F04EE21CBA2B5003757EC /* en */ = {isa = PBXFileReference; lastKnownFileType = text.plist.strings; name = en; path = en.lproj/Localizable.strings; sourceTree = "<group>"; };
		EB8F04EF21CBA55A003757EC /* UILabel+stylizable.swift */ = {isa = PBXFileReference; lastKnownFileType = sourcecode.swift; path = "UILabel+stylizable.swift"; sourceTree = "<group>"; };
		EB8F04F121CBA603003757EC /* UITapGestureRecognizer+tapInText.swift */ = {isa = PBXFileReference; lastKnownFileType = sourcecode.swift; path = "UITapGestureRecognizer+tapInText.swift"; sourceTree = "<group>"; };
		EB8F04FF21CBB52E003757EC /* FacebookHandler.swift */ = {isa = PBXFileReference; lastKnownFileType = sourcecode.swift; name = FacebookHandler.swift; path = Utils/FacebookHandler.swift; sourceTree = "<group>"; };
		EB8F050121CBB7FB003757EC /* AccountKitHandler.swift */ = {isa = PBXFileReference; lastKnownFileType = sourcecode.swift; name = AccountKitHandler.swift; path = Utils/AccountKitHandler.swift; sourceTree = "<group>"; };
		EB8F050A21CBBEBE003757EC /* Hero.framework */ = {isa = PBXFileReference; lastKnownFileType = wrapper.framework; name = Hero.framework; path = hoop/Frameworks/Hero.framework; sourceTree = "<group>"; };
		EB8F050B21CBBEBE003757EC /* Futures.framework */ = {isa = PBXFileReference; lastKnownFileType = wrapper.framework; name = Futures.framework; path = hoop/Frameworks/Futures.framework; sourceTree = "<group>"; };
		EB8F050C21CBBEBF003757EC /* Eureka.framework */ = {isa = PBXFileReference; lastKnownFileType = wrapper.framework; name = Eureka.framework; path = hoop/Frameworks/Eureka.framework; sourceTree = "<group>"; };
		EB8F050D21CBBEBF003757EC /* RSKPlaceholderTextView.framework */ = {isa = PBXFileReference; lastKnownFileType = wrapper.framework; name = RSKPlaceholderTextView.framework; path = hoop/Frameworks/RSKPlaceholderTextView.framework; sourceTree = "<group>"; };
		EB8F052421CBDEF8003757EC /* PopupProvider.swift */ = {isa = PBXFileReference; lastKnownFileType = sourcecode.swift; path = PopupProvider.swift; sourceTree = "<group>"; };
		EB8F052621CBDF87003757EC /* SwiftEntryKit.framework */ = {isa = PBXFileReference; lastKnownFileType = wrapper.framework; name = SwiftEntryKit.framework; path = Carthage/Build/iOS/SwiftEntryKit.framework; sourceTree = "<group>"; };
		EB8F052E21CBE122003757EC /* UIFont+main.swift */ = {isa = PBXFileReference; lastKnownFileType = sourcecode.swift; path = "UIFont+main.swift"; sourceTree = "<group>"; };
		EB8F053321CD2A3E003757EC /* HoopNetworkApi.swift */ = {isa = PBXFileReference; fileEncoding = 4; lastKnownFileType = sourcecode.swift; path = HoopNetworkApi.swift; sourceTree = "<group>"; };
		EB8F053521CD2EE5003757EC /* SwiftyJSON.framework */ = {isa = PBXFileReference; lastKnownFileType = wrapper.framework; name = SwiftyJSON.framework; path = hoop/Frameworks/SwiftyJSON.framework; sourceTree = "<group>"; };
		EB8F053621CD2EE5003757EC /* Alamofire.framework */ = {isa = PBXFileReference; lastKnownFileType = wrapper.framework; name = Alamofire.framework; path = hoop/Frameworks/Alamofire.framework; sourceTree = "<group>"; };
		EB8F053721CD2EE5003757EC /* AlamofireImage.framework */ = {isa = PBXFileReference; lastKnownFileType = wrapper.framework; name = AlamofireImage.framework; path = hoop/Frameworks/AlamofireImage.framework; sourceTree = "<group>"; };
		EB8F054321CD2F2A003757EC /* QuickLayout.framework */ = {isa = PBXFileReference; lastKnownFileType = wrapper.framework; name = QuickLayout.framework; path = hoop/Frameworks/QuickLayout.framework; sourceTree = "<group>"; };
		EB8F054721CD31C2003757EC /* AlamofireWrapper.swift */ = {isa = PBXFileReference; lastKnownFileType = sourcecode.swift; path = AlamofireWrapper.swift; sourceTree = "<group>"; };
		EB8F054B21CD5279003757EC /* Bolts.framework */ = {isa = PBXFileReference; lastKnownFileType = wrapper.framework; name = Bolts.framework; path = hoop/Frameworks/Bolts.framework; sourceTree = "<group>"; };
		EB8F054C21CD5279003757EC /* FacebookLogin.framework */ = {isa = PBXFileReference; lastKnownFileType = wrapper.framework; name = FacebookLogin.framework; path = hoop/Frameworks/FacebookLogin.framework; sourceTree = "<group>"; };
		EB8F054D21CD5279003757EC /* FacebookCore.framework */ = {isa = PBXFileReference; lastKnownFileType = wrapper.framework; name = FacebookCore.framework; path = hoop/Frameworks/FacebookCore.framework; sourceTree = "<group>"; };
		EB8F055721CD645B003757EC /* FBSDKLoginKit.framework */ = {isa = PBXFileReference; lastKnownFileType = wrapper.framework; name = FBSDKLoginKit.framework; path = hoop/Frameworks/FBSDKLoginKit.framework; sourceTree = "<group>"; };
		EB8F055821CD645B003757EC /* FBSDKCoreKit.framework */ = {isa = PBXFileReference; lastKnownFileType = wrapper.framework; name = FBSDKCoreKit.framework; path = hoop/Frameworks/FBSDKCoreKit.framework; sourceTree = "<group>"; };
		EB9B5C1B21CFD2A4000C8008 /* CirclesOverlay.swift */ = {isa = PBXFileReference; lastKnownFileType = sourcecode.swift; path = CirclesOverlay.swift; sourceTree = "<group>"; };
		EBAEF3A921DCD1EE0024CDF9 /* Defaults.swift */ = {isa = PBXFileReference; lastKnownFileType = sourcecode.swift; path = Defaults.swift; sourceTree = "<group>"; };
		EBAEF3AB21DCE88A0024CDF9 /* Date+age.swift */ = {isa = PBXFileReference; lastKnownFileType = sourcecode.swift; path = "Date+age.swift"; sourceTree = "<group>"; };
		EBAEF3AD21DD0AEC0024CDF9 /* UIViewController+customNavigationBar.swift */ = {isa = PBXFileReference; lastKnownFileType = sourcecode.swift; path = "UIViewController+customNavigationBar.swift"; sourceTree = "<group>"; };
		EBAEF3AF21DD18ED0024CDF9 /* UIButton+actionClosure.swift */ = {isa = PBXFileReference; lastKnownFileType = sourcecode.swift; path = "UIButton+actionClosure.swift"; sourceTree = "<group>"; };
		EBAEF3B621DD2C260024CDF9 /* UINavigationController+replaceRoot.swift */ = {isa = PBXFileReference; lastKnownFileType = sourcecode.swift; path = "UINavigationController+replaceRoot.swift"; sourceTree = "<group>"; };
		EBAEF3B821DDE7D60024CDF9 /* HoopDateCell.swift */ = {isa = PBXFileReference; lastKnownFileType = sourcecode.swift; name = HoopDateCell.swift; path = FormCells/HoopDateCell.swift; sourceTree = "<group>"; };
		EBAEF3BC21DDE8190024CDF9 /* HoopDateCell.xib */ = {isa = PBXFileReference; fileEncoding = 4; lastKnownFileType = file.xib; name = HoopDateCell.xib; path = FormCells/HoopDateCell.xib; sourceTree = "<group>"; };
		EBAF773B21E3937B00E75FD1 /* KeyedEncodingContainer+UIImage.swift */ = {isa = PBXFileReference; lastKnownFileType = sourcecode.swift; path = "KeyedEncodingContainer+UIImage.swift"; sourceTree = "<group>"; };
/* End PBXFileReference section */

/* Begin PBXFrameworksBuildPhase section */
		EB28B5EC21C3B2A900CFF1EF /* Frameworks */ = {
			isa = PBXFrameworksBuildPhase;
			buildActionMask = 2147483647;
			files = (
				EB8F051721CBBEC7003757EC /* Eureka.framework in Frameworks */,
				EB8F051421CBBEBF003757EC /* RSKPlaceholderTextView.framework in Frameworks */,
				EB8F051221CBBEBF003757EC /* Futures.framework in Frameworks */,
				EB8F054121CD2F04003757EC /* SwiftyJSON.framework in Frameworks */,
				EB45ED5421F62EBB00597E77 /* Kingfisher.framework in Frameworks */,
				EB8F051F21CBBEC8003757EC /* Hero.framework in Frameworks */,
				EB7F7FDE21EDF142003B375C /* AccountKit.framework in Frameworks */,
				EB8F055121CD529E003757EC /* Bolts.framework in Frameworks */,
				EB72272121F227E0008DF621 /* Mapbox.framework in Frameworks */,
				EB8F053D21CD2F04003757EC /* Alamofire.framework in Frameworks */,
				EB8F052C21CBDF91003757EC /* SwiftEntryKit.framework in Frameworks */,
				EB8F054521CD2F30003757EC /* QuickLayout.framework in Frameworks */,
				EB8F055321CD529E003757EC /* FacebookCore.framework in Frameworks */,
				EB8F055A21CD645B003757EC /* FBSDKCoreKit.framework in Frameworks */,
				EB8F055521CD529E003757EC /* FacebookLogin.framework in Frameworks */,
				EB8F055D21CD6461003757EC /* FBSDKLoginKit.framework in Frameworks */,
				EB77871621D53BBF002CBA02 /* MoreCodable.framework in Frameworks */,
				EB8F053F21CD2F04003757EC /* AlamofireImage.framework in Frameworks */,
			);
			runOnlyForDeploymentPostprocessing = 0;
		};
		EB28B62421C3BDB400CFF1EF /* Frameworks */ = {
			isa = PBXFrameworksBuildPhase;
			buildActionMask = 2147483647;
			files = (
				EB28B63321C3BFD100CFF1EF /* XCTest.framework in Frameworks */,
			);
			runOnlyForDeploymentPostprocessing = 0;
		};
/* End PBXFrameworksBuildPhase section */

/* Begin PBXGroup section */
		EB28B5E621C3B2A900CFF1EF = {
			isa = PBXGroup;
			children = (
				EB28B5F121C3B2A900CFF1EF /* hoop */,
				EB28B62821C3BDB400CFF1EF /* hoopTests */,
				EB28B5F021C3B2A900CFF1EF /* Products */,
				EB8F04C321CAE3B0003757EC /* Frameworks */,
			);
			sourceTree = "<group>";
		};
		EB28B5F021C3B2A900CFF1EF /* Products */ = {
			isa = PBXGroup;
			children = (
				EB28B5EF21C3B2A900CFF1EF /* hoop.app */,
				EB28B62721C3BDB400CFF1EF /* hoopTests.xctest */,
			);
			name = Products;
			sourceTree = "<group>";
		};
		EB28B5F121C3B2A900CFF1EF /* hoop */ = {
			isa = PBXGroup;
			children = (
				EB7F7FDB21EDC536003B375C /* hoop.entitlements */,
				EB28B61521C3B37500CFF1EF /* ViewControllers */,
				EB28B61621C3B38E00CFF1EF /* UI */,
				EB28B61321C3B36900CFF1EF /* Models */,
				EB8F053221CD2A12003757EC /* Net */,
				EB7F7FCD21E63210003B375C /* Mock */,
				EB8F04C521CAE5CA003757EC /* Utils */,
				EB8F046121CAB625003757EC /* Routing */,
				EB28B61221C3B32900CFF1EF /* Extensions */,
				EB28B63121C3BFD000CFF1EF /* Frameworks */,
				EB28B5F221C3B2A900CFF1EF /* AppDelegate.swift */,
				EB28B5FE21C3B2AA00CFF1EF /* Info.plist */,
			);
			path = hoop;
			sourceTree = "<group>";
		};
		EB28B61221C3B32900CFF1EF /* Extensions */ = {
			isa = PBXGroup;
			children = (
				EB31DFD721E61285005D0530 /* Object+ClassName.swift */,
				EB31DFD821E61285005D0530 /* UIView+Nib.swift */,
				EB28B61921C3B43300CFF1EF /* CGFloat+random.swift */,
				EB28B61B21C3B45000CFF1EF /* UIColor+random.swift */,
				EB28B62121C3B88B00CFF1EF /* DateFormatter+shortcuts.swift */,
				EB8F048021CAC2B4003757EC /* String+localization.swift */,
				EB7F7FE921EE0C66003B375C /* String+Trim.swift */,
				EB8F04EC21CAEF18003757EC /* UIColor+colors.swift */,
				EB8F04EF21CBA55A003757EC /* UILabel+stylizable.swift */,
				EB8F04F121CBA603003757EC /* UITapGestureRecognizer+tapInText.swift */,
				EB8F052E21CBE122003757EC /* UIFont+main.swift */,
				EB77871021D4E180002CBA02 /* JSONDecoder+decodable.swift */,
				EBAEF3AB21DCE88A0024CDF9 /* Date+age.swift */,
				EBAEF3AD21DD0AEC0024CDF9 /* UIViewController+customNavigationBar.swift */,
				EBAEF3AF21DD18ED0024CDF9 /* UIButton+actionClosure.swift */,
				EBAEF3B621DD2C260024CDF9 /* UINavigationController+replaceRoot.swift */,
				EBAF773B21E3937B00E75FD1 /* KeyedEncodingContainer+UIImage.swift */,
				EB7F7FD921ECDF83003B375C /* Dictionnary+Plus.swift */,
				EB7F7FEB21EE0C85003B375C /* String+Capitalize.swift */,
				EB72271D21F0D80F008DF621 /* Defaults+DefaultsKey.swift */,
				EB45ED5C21F87B8800597E77 /* UInt64+random.swift */,
			);
			path = Extensions;
			sourceTree = "<group>";
		};
		EB28B61321C3B36900CFF1EF /* Models */ = {
			isa = PBXGroup;
			children = (
				EB862C8121DE1C7D0051E3A7 /* faqEntry.swift */,
				EB28B63821C3F57200CFF1EF /* message.swift */,
				EB28B61D21C3B4B600CFF1EF /* profile.swift */,
				EB28B63421C3F27F00CFF1EF /* conversation.swift */,
				EB862C8321DE40420051E3A7 /* condition.swift */,
				EB77870E21D4DF92002CBA02 /* fbme.swift */,
				EB862C8521DE5F130051E3A7 /* fbPictures.swift */,
				EB77870C21D4DF73002CBA02 /* hoopApiResponse.swift */,
				EB28B61E21C3B4B600CFF1EF /* hoop.swift */,
				EB31DFC921E4FDAC005D0530 /* hoopIn.swift */,
			);
			name = Models;
			sourceTree = "<group>";
		};
		EB28B61521C3B37500CFF1EF /* ViewControllers */ = {
			isa = PBXGroup;
			children = (
				EB7F7FE021EE0577003B375C /* TunnelViewControllers */,
				EB8F046421CAB6F3003757EC /* LoginViewController.swift */,
				EB8F046621CAB779003757EC /* InfoTunnelViewController.swift */,
				EB8F046A21CAB7D8003757EC /* TutorialViewController.swift */,
				EB8F046821CAB799003757EC /* ParametersViewController.swift */,
				EB8F047021CAB956003757EC /* FaqViewController.swift */,
				EB8F047221CAB9C9003757EC /* WebViewController.swift */,
				EB8F046C21CAB81C003757EC /* MapViewController.swift */,
				EB8F04B221CAE2E6003757EC /* ProfileViewController.swift */,
				EB8F046E21CAB8DE003757EC /* ConversationViewController.swift */,
				EB8F04B421CAE330003757EC /* ChatViewController.swift */,
				EB72272321F22899008DF621 /* MapBoxViewController.swift */,
			);
			path = ViewControllers;
			sourceTree = "<group>";
		};
		EB28B61621C3B38E00CFF1EF /* UI */ = {
			isa = PBXGroup;
			children = (
				EB28B5F921C3B2AA00CFF1EF /* Assets.xcassets */,
				EB45ED5721F764EB00597E77 /* Views */,
				EB76A82621CFFF1A00CC358D /* Popups */,
				EB8F04E621CAEB71003757EC /* loginVideoBackground.mp4 */,
				EB9B5C1A21CFD273000C8008 /* Map */,
				EB8F04CD21CAE664003757EC /* FormCells */,
				EB8F04CC21CAE656003757EC /* CustomControls */,
				EB8F048521CAC620003757EC /* Fonts */,
				EB28B5F621C3B2A900CFF1EF /* Main.storyboard */,
				EB28B5FB21C3B2AA00CFF1EF /* LaunchScreen.storyboard */,
				EB8F047E21CAC1E0003757EC /* Localizable.strings */,
			);
			path = UI;
			sourceTree = "<group>";
		};
		EB28B62821C3BDB400CFF1EF /* hoopTests */ = {
			isa = PBXGroup;
			children = (
				EB28B62921C3BDB400CFF1EF /* hoopTests.swift */,
				EB28B62B21C3BDB400CFF1EF /* Info.plist */,
			);
			path = hoopTests;
			sourceTree = "<group>";
		};
		EB28B63121C3BFD000CFF1EF /* Frameworks */ = {
			isa = PBXGroup;
			children = (
				EB45ED5321F62EBB00597E77 /* Kingfisher.framework */,
				EB72271F21F227D2008DF621 /* Mapbox.framework */,
				EB7F7FDC21EDF124003B375C /* AccountKit.framework */,
				EB77871421D53BA8002CBA02 /* MoreCodable.framework */,
				EB8F055821CD645B003757EC /* FBSDKCoreKit.framework */,
				EB8F055721CD645B003757EC /* FBSDKLoginKit.framework */,
				EB8F054B21CD5279003757EC /* Bolts.framework */,
				EB8F054D21CD5279003757EC /* FacebookCore.framework */,
				EB8F054C21CD5279003757EC /* FacebookLogin.framework */,
				EB8F054321CD2F2A003757EC /* QuickLayout.framework */,
				EB8F053621CD2EE5003757EC /* Alamofire.framework */,
				EB8F053721CD2EE5003757EC /* AlamofireImage.framework */,
				EB8F053521CD2EE5003757EC /* SwiftyJSON.framework */,
				EB8F052621CBDF87003757EC /* SwiftEntryKit.framework */,
				EB8F050C21CBBEBF003757EC /* Eureka.framework */,
				EB8F050B21CBBEBE003757EC /* Futures.framework */,
				EB8F050A21CBBEBE003757EC /* Hero.framework */,
				EB8F050D21CBBEBF003757EC /* RSKPlaceholderTextView.framework */,
				EB28B63221C3BFD100CFF1EF /* XCTest.framework */,
			);
			name = Frameworks;
			path = ..;
			sourceTree = "<group>";
		};
		EB45ED5721F764EB00597E77 /* Views */ = {
			isa = PBXGroup;
			children = (
				EB45ED5921F7651F00597E77 /* InputTextFieldBar.swift */,
				EB45ED5821F7651F00597E77 /* InputTextFieldBar.xib */,
				EB45ED5E21F8BC3B00597E77 /* ChatHeaderView.swift */,
				EB45ED6021F8BC5A00597E77 /* ChatHeaderView.xib */,
			);
			name = Views;
			path = "New Group";
			sourceTree = "<group>";
		};
		EB76A82621CFFF1A00CC358D /* Popups */ = {
			isa = PBXGroup;
			children = (
				EB8F052421CBDEF8003757EC /* PopupProvider.swift */,
				EB31DFD021E60C10005D0530 /* MessagePopupView.swift */,
				EB31DFCF21E60C10005D0530 /* MessagePopupView.xib */,
				EB31DFD321E60D29005D0530 /* TwoChoicesPopupView.swift */,
				EB31DFD521E60D52005D0530 /* TwoChoicesPopupView.xib */,
			);
			path = Popups;
			sourceTree = "<group>";
		};
		EB7F7FCD21E63210003B375C /* Mock */ = {
			isa = PBXGroup;
			children = (
				EB7F7FCE21E6321A003B375C /* Location */,
			);
			name = Mock;
			sourceTree = "<group>";
		};
		EB7F7FCE21E6321A003B375C /* Location */ = {
			isa = PBXGroup;
			children = (
				EB7F7FD021E63228003B375C /* Boulogne.gpx */,
				EB7F7FD221E63228003B375C /* ParisSaintGermain.gpx */,
				EB7F7FD121E63228003B375C /* Poitiers.gpx */,
				EB7F7FCF21E63228003B375C /* RennesInsa.gpx */,
			);
			name = Location;
			sourceTree = "<group>";
		};
		EB7F7FE021EE0577003B375C /* TunnelViewControllers */ = {
			isa = PBXGroup;
			children = (
				EB7F7FE421EE0590003B375C /* InputNameViewController.swift */,
				EB7F7FE321EE0590003B375C /* InputAgeViewController.swift */,
				EB7F7FE121EE0590003B375C /* InputGenderViewController.swift */,
				EB7F7FE221EE0590003B375C /* InputEmailViewController.swift */,
			);
			name = TunnelViewControllers;
			sourceTree = "<group>";
		};
		EB8F046121CAB625003757EC /* Routing */ = {
			isa = PBXGroup;
			children = (
				EB8F046221CAB630003757EC /* SwiftRouter.swift */,
			);
			name = Routing;
			sourceTree = "<group>";
		};
		EB8F048521CAC620003757EC /* Fonts */ = {
			isa = PBXGroup;
			children = (
				EB8F049A21CAC62E003757EC /* Campton-Black.ttf */,
				EB8F049621CAC62E003757EC /* Campton-BlackItalic.ttf */,
				EB8F049721CAC62E003757EC /* Campton-Bold.ttf */,
				EB8F048B21CAC62D003757EC /* Campton-BoldItalic.ttf */,
				EB8F048721CAC62D003757EC /* Campton-Book.ttf */,
				EB8F049421CAC62E003757EC /* Campton-BookItalic.ttf */,
				EB8F048E21CAC62D003757EC /* Campton-ExtraBold.ttf */,
				EB8F049921CAC62E003757EC /* Campton-ExtraBoldItalic.ttf */,
				EB8F048A21CAC62D003757EC /* Campton-ExtraLight.ttf */,
				EB8F048F21CAC62D003757EC /* Campton-ExtraLightItalic.ttf */,
				EB8F048921CAC62D003757EC /* Campton-Light.ttf */,
				EB8F048C21CAC62D003757EC /* Campton-LightItalic.ttf */,
				EB8F049221CAC62D003757EC /* Campton-Medium.ttf */,
				EB8F049321CAC62E003757EC /* Campton-MediumItalic.ttf */,
				EB8F049521CAC62E003757EC /* Campton-SemiBold.ttf */,
				EB8F048D21CAC62D003757EC /* Campton-SemiBoldItalic.ttf */,
				EB8F049821CAC62E003757EC /* Campton-Thin.ttf */,
				EB8F048621CAC62D003757EC /* Campton-ThinItalic.ttf */,
				EB8F049121CAC62D003757EC /* KittenSlantTrial.ttf */,
				EB8F049021CAC62D003757EC /* Montserrat-Bold.ttf */,
				EB8F048821CAC62D003757EC /* Montserrat-Regular.ttf */,
			);
			name = Fonts;
			sourceTree = "<group>";
		};
		EB8F04C321CAE3B0003757EC /* Frameworks */ = {
			isa = PBXGroup;
			children = (
			);
			name = Frameworks;
			sourceTree = "<group>";
		};
		EB8F04C521CAE5CA003757EC /* Utils */ = {
			isa = PBXGroup;
			children = (
				EBAEF3A921DCD1EE0024CDF9 /* Defaults.swift */,
				EB8F04E821CAEE0A003757EC /* VideoCutter.swift */,
				EB8F04E921CAEE0A003757EC /* VideoSplashViewController.swift */,
				EB8F04C621CAE5D6003757EC /* UIGradientView.swift */,
				EB8F04FF21CBB52E003757EC /* FacebookHandler.swift */,
				EB8F050121CBB7FB003757EC /* AccountKitHandler.swift */,
				EB31DFCD21E51201005D0530 /* Timestamp.swift */,
				EB7F7FD721EC9D81003B375C /* ImageManipulator.swift */,
			);
			name = Utils;
			sourceTree = "<group>";
		};
		EB8F04CC21CAE656003757EC /* CustomControls */ = {
			isa = PBXGroup;
			children = (
				EB8F04E421CAE684003757EC /* RangeSlider.swift */,
			);
			name = CustomControls;
			sourceTree = "<group>";
		};
		EB8F04CD21CAE664003757EC /* FormCells */ = {
			isa = PBXGroup;
			children = (
				EB8F04CF21CAE677003757EC /* CollectionViewCell.xib */,
				EB8F04D821CAE678003757EC /* HoopLabelCell.swift */,
				EB8F04D621CAE678003757EC /* HoopLabelCell.xib */,
				EB8F04D121CAE678003757EC /* HoopRangeCell.swift */,
				EB8F04D721CAE678003757EC /* HoopRangeCell.xib */,
				EB8F04D021CAE677003757EC /* HoopSwitchCell.swift */,
				EB8F04D421CAE678003757EC /* HoopSwitchCell.xib */,
				EB8F04D221CAE678003757EC /* HoopTextViewCell.swift */,
				EB8F04D321CAE678003757EC /* HoopTextViewCell.xib */,
				EB8F04CE21CAE677003757EC /* ImageCollectionViewCell.swift */,
				EB8F04D521CAE678003757EC /* PickerCell.xib */,
				EBAEF3B821DDE7D60024CDF9 /* HoopDateCell.swift */,
				EBAEF3BC21DDE8190024CDF9 /* HoopDateCell.xib */,
				EB862C7B21DE061C0051E3A7 /* HoopListCheckCell.swift */,
				EB862C7D21DE075C0051E3A7 /* HoopListCheckCell.xib */,
			);
			name = FormCells;
			sourceTree = "<group>";
		};
		EB8F053221CD2A12003757EC /* Net */ = {
			isa = PBXGroup;
			children = (
				EB8F053321CD2A3E003757EC /* HoopNetworkApi.swift */,
				EB8F054721CD31C2003757EC /* AlamofireWrapper.swift */,
			);
			path = Net;
			sourceTree = "<group>";
		};
		EB9B5C1A21CFD273000C8008 /* Map */ = {
			isa = PBXGroup;
			children = (
				EB9B5C1B21CFD2A4000C8008 /* CirclesOverlay.swift */,
			);
			path = Map;
			sourceTree = "<group>";
		};
/* End PBXGroup section */

/* Begin PBXNativeTarget section */
		EB28B5EE21C3B2A900CFF1EF /* hoop */ = {
			isa = PBXNativeTarget;
			buildConfigurationList = EB28B60C21C3B2AA00CFF1EF /* Build configuration list for PBXNativeTarget "hoop" */;
			buildPhases = (
				EB28B5EB21C3B2A900CFF1EF /* Sources */,
				EB28B5EC21C3B2A900CFF1EF /* Frameworks */,
				EB28B5ED21C3B2A900CFF1EF /* Resources */,
				EB8F052321CBBEC8003757EC /* Embed Frameworks */,
			);
			buildRules = (
			);
			dependencies = (
			);
			name = hoop;
			productName = hoop;
			productReference = EB28B5EF21C3B2A900CFF1EF /* hoop.app */;
			productType = "com.apple.product-type.application";
		};
		EB28B62621C3BDB400CFF1EF /* hoopTests */ = {
			isa = PBXNativeTarget;
			buildConfigurationList = EB28B62E21C3BDB400CFF1EF /* Build configuration list for PBXNativeTarget "hoopTests" */;
			buildPhases = (
				EB28B62321C3BDB400CFF1EF /* Sources */,
				EB28B62421C3BDB400CFF1EF /* Frameworks */,
				EB28B62521C3BDB400CFF1EF /* Resources */,
			);
			buildRules = (
			);
			dependencies = (
				EB28B62D21C3BDB400CFF1EF /* PBXTargetDependency */,
			);
			name = hoopTests;
			productName = hoopTests;
			productReference = EB28B62721C3BDB400CFF1EF /* hoopTests.xctest */;
			productType = "com.apple.product-type.bundle.unit-test";
		};
/* End PBXNativeTarget section */

/* Begin PBXProject section */
		EB28B5E721C3B2A900CFF1EF /* Project object */ = {
			isa = PBXProject;
			attributes = {
				LastSwiftUpdateCheck = 1010;
				LastUpgradeCheck = 1010;
				ORGANIZATIONNAME = hoop;
				TargetAttributes = {
					EB28B5EE21C3B2A900CFF1EF = {
						CreatedOnToolsVersion = 10.1;
						SystemCapabilities = {
							com.apple.BackgroundModes = {
								enabled = 1;
							};
							com.apple.Push = {
								enabled = 1;
							};
						};
					};
					EB28B62621C3BDB400CFF1EF = {
						CreatedOnToolsVersion = 10.1;
						TestTargetID = EB28B5EE21C3B2A900CFF1EF;
					};
				};
			};
			buildConfigurationList = EB28B5EA21C3B2A900CFF1EF /* Build configuration list for PBXProject "hoop" */;
			compatibilityVersion = "Xcode 9.3";
			developmentRegion = en;
			hasScannedForEncodings = 0;
			knownRegions = (
				en,
				Base,
				fr,
			);
			mainGroup = EB28B5E621C3B2A900CFF1EF;
			productRefGroup = EB28B5F021C3B2A900CFF1EF /* Products */;
			projectDirPath = "";
			projectRoot = "";
			targets = (
				EB28B5EE21C3B2A900CFF1EF /* hoop */,
				EB28B62621C3BDB400CFF1EF /* hoopTests */,
			);
		};
/* End PBXProject section */

/* Begin PBXResourcesBuildPhase section */
		EB28B5ED21C3B2A900CFF1EF /* Resources */ = {
			isa = PBXResourcesBuildPhase;
			buildActionMask = 2147483647;
			files = (
				EB8F04A321CAC62E003757EC /* Campton-ExtraBold.ttf in Resources */,
				EB8F04AE21CAC62E003757EC /* Campton-ExtraBoldItalic.ttf in Resources */,
				EB8F04E121CAE678003757EC /* HoopLabelCell.xib in Resources */,
				EB7F7FD621E63229003B375C /* ParisSaintGermain.gpx in Resources */,
				EB8F04E221CAE678003757EC /* HoopRangeCell.xib in Resources */,
				EB8F049C21CAC62E003757EC /* Campton-Book.ttf in Resources */,
				EB8F04AC21CAC62E003757EC /* Campton-Bold.ttf in Resources */,
				EB28B5FD21C3B2AA00CFF1EF /* LaunchScreen.storyboard in Resources */,
				EB8F04E721CAEB71003757EC /* loginVideoBackground.mp4 in Resources */,
				EB8F04AD21CAC62E003757EC /* Campton-Thin.ttf in Resources */,
				EB8F04DE21CAE678003757EC /* HoopTextViewCell.xib in Resources */,
				EB862C7E21DE075C0051E3A7 /* HoopListCheckCell.xib in Resources */,
				EB7F7FD321E63228003B375C /* RennesInsa.gpx in Resources */,
				EB8F04A121CAC62E003757EC /* Campton-LightItalic.ttf in Resources */,
				EB8F049F21CAC62E003757EC /* Campton-ExtraLight.ttf in Resources */,
				EB7F7FD521E63229003B375C /* Poitiers.gpx in Resources */,
				EBAEF3BD21DDE8190024CDF9 /* HoopDateCell.xib in Resources */,
				EB8F04A521CAC62E003757EC /* Montserrat-Bold.ttf in Resources */,
				EB7F7FD421E63228003B375C /* Boulogne.gpx in Resources */,
				EB8F049D21CAC62E003757EC /* Montserrat-Regular.ttf in Resources */,
				EB8F04A021CAC62E003757EC /* Campton-BoldItalic.ttf in Resources */,
				EB8F04A421CAC62E003757EC /* Campton-ExtraLightItalic.ttf in Resources */,
				EB8F04A221CAC62E003757EC /* Campton-SemiBoldItalic.ttf in Resources */,
				EB45ED5A21F7651F00597E77 /* InputTextFieldBar.xib in Resources */,
				EB8F04AA21CAC62E003757EC /* Campton-SemiBold.ttf in Resources */,
				EB8F047C21CAC1E0003757EC /* Localizable.strings in Resources */,
				EB8F04AB21CAC62E003757EC /* Campton-BlackItalic.ttf in Resources */,
				EB8F049E21CAC62E003757EC /* Campton-Light.ttf in Resources */,
				EB31DFD621E60D52005D0530 /* TwoChoicesPopupView.xib in Resources */,
				EB8F04A921CAC62E003757EC /* Campton-BookItalic.ttf in Resources */,
				EB8F04DF21CAE678003757EC /* HoopSwitchCell.xib in Resources */,
				EB8F04DA21CAE678003757EC /* CollectionViewCell.xib in Resources */,
				EB8F049B21CAC62E003757EC /* Campton-ThinItalic.ttf in Resources */,
				EB45ED6121F8BC5A00597E77 /* ChatHeaderView.xib in Resources */,
				EB31DFD121E60C11005D0530 /* MessagePopupView.xib in Resources */,
				EB8F04A721CAC62E003757EC /* Campton-Medium.ttf in Resources */,
				EB8F04A821CAC62E003757EC /* Campton-MediumItalic.ttf in Resources */,
				EB8F04A621CAC62E003757EC /* KittenSlantTrial.ttf in Resources */,
				EB28B5FA21C3B2AA00CFF1EF /* Assets.xcassets in Resources */,
				EB8F04AF21CAC62E003757EC /* Campton-Black.ttf in Resources */,
				EB28B5F821C3B2A900CFF1EF /* Main.storyboard in Resources */,
				EB8F04E021CAE678003757EC /* PickerCell.xib in Resources */,
			);
			runOnlyForDeploymentPostprocessing = 0;
		};
		EB28B62521C3BDB400CFF1EF /* Resources */ = {
			isa = PBXResourcesBuildPhase;
			buildActionMask = 2147483647;
			files = (
				EB77871821D53F75002CBA02 /* MoreCodable.framework in Resources */,
			);
			runOnlyForDeploymentPostprocessing = 0;
		};
/* End PBXResourcesBuildPhase section */

/* Begin PBXSourcesBuildPhase section */
		EB28B5EB21C3B2A900CFF1EF /* Sources */ = {
			isa = PBXSourcesBuildPhase;
			buildActionMask = 2147483647;
			files = (
				EB28B63521C3F27F00CFF1EF /* conversation.swift in Sources */,
				EB8F04C721CAE5D6003757EC /* UIGradientView.swift in Sources */,
				EB7F7FEC21EE0C85003B375C /* String+Capitalize.swift in Sources */,
				EB7F7FEA21EE0C66003B375C /* String+Trim.swift in Sources */,
				EB862C8621DE5F130051E3A7 /* fbPictures.swift in Sources */,
				EB8F04E321CAE678003757EC /* HoopLabelCell.swift in Sources */,
				EB7F7FD821EC9D81003B375C /* ImageManipulator.swift in Sources */,
				EB8F047321CAB9C9003757EC /* WebViewController.swift in Sources */,
				EB8F052521CBDEF8003757EC /* PopupProvider.swift in Sources */,
				EBAEF3B721DD2C260024CDF9 /* UINavigationController+replaceRoot.swift in Sources */,
				EB8F04E521CAE684003757EC /* RangeSlider.swift in Sources */,
				EB77871121D4E180002CBA02 /* JSONDecoder+decodable.swift in Sources */,
				EB862C7C21DE061C0051E3A7 /* HoopListCheckCell.swift in Sources */,
				EB8F050221CBB7FB003757EC /* AccountKitHandler.swift in Sources */,
				EB8F04B321CAE2E6003757EC /* ProfileViewController.swift in Sources */,
				EB8F046921CAB799003757EC /* ParametersViewController.swift in Sources */,
				EB8F04F221CBA603003757EC /* UITapGestureRecognizer+tapInText.swift in Sources */,
				EB8F047121CAB956003757EC /* FaqViewController.swift in Sources */,
				EB28B61C21C3B45000CFF1EF /* UIColor+random.swift in Sources */,
				EB862C8221DE1C7D0051E3A7 /* faqEntry.swift in Sources */,
				EB8F054821CD31C2003757EC /* AlamofireWrapper.swift in Sources */,
				EB7F7FE721EE0590003B375C /* InputAgeViewController.swift in Sources */,
				EB7F7FE621EE0590003B375C /* InputEmailViewController.swift in Sources */,
				EB8F046721CAB779003757EC /* InfoTunnelViewController.swift in Sources */,
				EB8F053421CD2A3E003757EC /* HoopNetworkApi.swift in Sources */,
				EB8F04DD21CAE678003757EC /* HoopTextViewCell.swift in Sources */,
				EB77870F21D4DF92002CBA02 /* fbme.swift in Sources */,
				EB8F048121CAC2B4003757EC /* String+localization.swift in Sources */,
				EB7F7FE521EE0590003B375C /* InputGenderViewController.swift in Sources */,
				EB8F04DB21CAE678003757EC /* HoopSwitchCell.swift in Sources */,
				EBAEF3AA21DCD1EE0024CDF9 /* Defaults.swift in Sources */,
				EB7F7FE821EE0590003B375C /* InputNameViewController.swift in Sources */,
				EBAEF3AE21DD0AEC0024CDF9 /* UIViewController+customNavigationBar.swift in Sources */,
				EB72271E21F0D80F008DF621 /* Defaults+DefaultsKey.swift in Sources */,
				EB77870D21D4DF73002CBA02 /* hoopApiResponse.swift in Sources */,
				EB8F04ED21CAEF18003757EC /* UIColor+colors.swift in Sources */,
				EB28B5F321C3B2A900CFF1EF /* AppDelegate.swift in Sources */,
				EB31DFD221E60C11005D0530 /* MessagePopupView.swift in Sources */,
				EB8F04B521CAE330003757EC /* ChatViewController.swift in Sources */,
				EB9B5C1C21CFD2A4000C8008 /* CirclesOverlay.swift in Sources */,
				EB28B62021C3B4B600CFF1EF /* hoop.swift in Sources */,
				EB8F04D921CAE678003757EC /* ImageCollectionViewCell.swift in Sources */,
				EB8F052F21CBE122003757EC /* UIFont+main.swift in Sources */,
				EB28B63921C3F57200CFF1EF /* message.swift in Sources */,
				EBAEF3B021DD18ED0024CDF9 /* UIButton+actionClosure.swift in Sources */,
				EB31DFCE21E51201005D0530 /* Timestamp.swift in Sources */,
				EB45ED5B21F7651F00597E77 /* InputTextFieldBar.swift in Sources */,
				EB31DFD921E61285005D0530 /* Object+ClassName.swift in Sources */,
				EB862C8421DE40420051E3A7 /* condition.swift in Sources */,
				EB7F7FDA21ECDF83003B375C /* Dictionnary+Plus.swift in Sources */,
				EBAEF3B921DDE7D60024CDF9 /* HoopDateCell.swift in Sources */,
				EB45ED5F21F8BC3B00597E77 /* ChatHeaderView.swift in Sources */,
				EB8F046B21CAB7D8003757EC /* TutorialViewController.swift in Sources */,
				EBAF773C21E3937B00E75FD1 /* KeyedEncodingContainer+UIImage.swift in Sources */,
				EB72272421F22899008DF621 /* MapBoxViewController.swift in Sources */,
				EB8F046321CAB630003757EC /* SwiftRouter.swift in Sources */,
				EB8F04EB21CAEE0A003757EC /* VideoSplashViewController.swift in Sources */,
				EB8F04DC21CAE678003757EC /* HoopRangeCell.swift in Sources */,
				EB45ED5D21F87B8800597E77 /* UInt64+random.swift in Sources */,
				EB31DFD421E60D29005D0530 /* TwoChoicesPopupView.swift in Sources */,
				EB8F046F21CAB8DE003757EC /* ConversationViewController.swift in Sources */,
				EB31DFDA21E61285005D0530 /* UIView+Nib.swift in Sources */,
				EBAEF3AC21DCE88A0024CDF9 /* Date+age.swift in Sources */,
				EB8F050021CBB52E003757EC /* FacebookHandler.swift in Sources */,
				EB31DFCA21E4FDAC005D0530 /* hoopIn.swift in Sources */,
				EB8F04EA21CAEE0A003757EC /* VideoCutter.swift in Sources */,
				EB28B61F21C3B4B600CFF1EF /* profile.swift in Sources */,
				EB8F04F021CBA55A003757EC /* UILabel+stylizable.swift in Sources */,
				EB28B61A21C3B43300CFF1EF /* CGFloat+random.swift in Sources */,
				EB28B62221C3B88B00CFF1EF /* DateFormatter+shortcuts.swift in Sources */,
				EB8F046D21CAB81C003757EC /* MapViewController.swift in Sources */,
				EB8F046521CAB6F3003757EC /* LoginViewController.swift in Sources */,
			);
			runOnlyForDeploymentPostprocessing = 0;
		};
		EB28B62321C3BDB400CFF1EF /* Sources */ = {
			isa = PBXSourcesBuildPhase;
			buildActionMask = 2147483647;
			files = (
				EB28B62A21C3BDB400CFF1EF /* hoopTests.swift in Sources */,
			);
			runOnlyForDeploymentPostprocessing = 0;
		};
/* End PBXSourcesBuildPhase section */

/* Begin PBXTargetDependency section */
		EB28B62D21C3BDB400CFF1EF /* PBXTargetDependency */ = {
			isa = PBXTargetDependency;
			target = EB28B5EE21C3B2A900CFF1EF /* hoop */;
			targetProxy = EB28B62C21C3BDB400CFF1EF /* PBXContainerItemProxy */;
		};
/* End PBXTargetDependency section */

/* Begin PBXVariantGroup section */
		EB28B5F621C3B2A900CFF1EF /* Main.storyboard */ = {
			isa = PBXVariantGroup;
			children = (
				EB28B5F721C3B2A900CFF1EF /* Base */,
				EB8F047621CABD0D003757EC /* fr */,
				EB8F048321CAC350003757EC /* en */,
			);
			name = Main.storyboard;
			sourceTree = "<group>";
		};
		EB28B5FB21C3B2AA00CFF1EF /* LaunchScreen.storyboard */ = {
			isa = PBXVariantGroup;
			children = (
				EB28B5FC21C3B2AA00CFF1EF /* Base */,
				EB8F047721CABD0D003757EC /* fr */,
			);
			name = LaunchScreen.storyboard;
			sourceTree = "<group>";
		};
		EB8F047E21CAC1E0003757EC /* Localizable.strings */ = {
			isa = PBXVariantGroup;
			children = (
				EB8F047F21CAC1E3003757EC /* fr */,
				EB8F04EE21CBA2B5003757EC /* en */,
			);
			name = Localizable.strings;
			sourceTree = "<group>";
		};
/* End PBXVariantGroup section */

/* Begin XCBuildConfiguration section */
		EB28B60A21C3B2AA00CFF1EF /* Debug */ = {
			isa = XCBuildConfiguration;
			buildSettings = {
				ALWAYS_SEARCH_USER_PATHS = NO;
				CLANG_ANALYZER_LOCALIZABILITY_NONLOCALIZED = YES;
				CLANG_ANALYZER_NONNULL = YES;
				CLANG_ANALYZER_NUMBER_OBJECT_CONVERSION = YES_AGGRESSIVE;
				CLANG_CXX_LANGUAGE_STANDARD = "gnu++14";
				CLANG_CXX_LIBRARY = "libc++";
				CLANG_ENABLE_MODULES = YES;
				CLANG_ENABLE_OBJC_ARC = YES;
				CLANG_ENABLE_OBJC_WEAK = YES;
				CLANG_WARN_BLOCK_CAPTURE_AUTORELEASING = YES;
				CLANG_WARN_BOOL_CONVERSION = YES;
				CLANG_WARN_COMMA = YES;
				CLANG_WARN_CONSTANT_CONVERSION = YES;
				CLANG_WARN_DEPRECATED_OBJC_IMPLEMENTATIONS = YES;
				CLANG_WARN_DIRECT_OBJC_ISA_USAGE = YES_ERROR;
				CLANG_WARN_DOCUMENTATION_COMMENTS = YES;
				CLANG_WARN_EMPTY_BODY = YES;
				CLANG_WARN_ENUM_CONVERSION = YES;
				CLANG_WARN_INFINITE_RECURSION = YES;
				CLANG_WARN_INT_CONVERSION = YES;
				CLANG_WARN_NON_LITERAL_NULL_CONVERSION = YES;
				CLANG_WARN_OBJC_IMPLICIT_RETAIN_SELF = YES;
				CLANG_WARN_OBJC_LITERAL_CONVERSION = YES;
				CLANG_WARN_OBJC_ROOT_CLASS = YES_ERROR;
				CLANG_WARN_RANGE_LOOP_ANALYSIS = YES;
				CLANG_WARN_STRICT_PROTOTYPES = YES;
				CLANG_WARN_SUSPICIOUS_MOVE = YES;
				CLANG_WARN_UNGUARDED_AVAILABILITY = YES_AGGRESSIVE;
				CLANG_WARN_UNREACHABLE_CODE = YES;
				CLANG_WARN__DUPLICATE_METHOD_MATCH = YES;
				CODE_SIGN_IDENTITY = "iPhone Developer";
				COPY_PHASE_STRIP = NO;
				DEBUG_INFORMATION_FORMAT = dwarf;
				ENABLE_STRICT_OBJC_MSGSEND = YES;
				ENABLE_TESTABILITY = YES;
				GCC_C_LANGUAGE_STANDARD = gnu11;
				GCC_DYNAMIC_NO_PIC = NO;
				GCC_NO_COMMON_BLOCKS = YES;
				GCC_OPTIMIZATION_LEVEL = 0;
				GCC_PREPROCESSOR_DEFINITIONS = (
					"DEBUG=1",
					"$(inherited)",
				);
				GCC_WARN_64_TO_32_BIT_CONVERSION = YES;
				GCC_WARN_ABOUT_RETURN_TYPE = YES_ERROR;
				GCC_WARN_UNDECLARED_SELECTOR = YES;
				GCC_WARN_UNINITIALIZED_AUTOS = YES_AGGRESSIVE;
				GCC_WARN_UNUSED_FUNCTION = YES;
				GCC_WARN_UNUSED_VARIABLE = YES;
				IPHONEOS_DEPLOYMENT_TARGET = 12.1;
				MTL_ENABLE_DEBUG_INFO = INCLUDE_SOURCE;
				MTL_FAST_MATH = YES;
				ONLY_ACTIVE_ARCH = YES;
				SDKROOT = iphoneos;
				SWIFT_ACTIVE_COMPILATION_CONDITIONS = DEBUG;
				SWIFT_OPTIMIZATION_LEVEL = "-Onone";
			};
			name = Debug;
		};
		EB28B60B21C3B2AA00CFF1EF /* Release */ = {
			isa = XCBuildConfiguration;
			buildSettings = {
				ALWAYS_SEARCH_USER_PATHS = NO;
				CLANG_ANALYZER_LOCALIZABILITY_NONLOCALIZED = YES;
				CLANG_ANALYZER_NONNULL = YES;
				CLANG_ANALYZER_NUMBER_OBJECT_CONVERSION = YES_AGGRESSIVE;
				CLANG_CXX_LANGUAGE_STANDARD = "gnu++14";
				CLANG_CXX_LIBRARY = "libc++";
				CLANG_ENABLE_MODULES = YES;
				CLANG_ENABLE_OBJC_ARC = YES;
				CLANG_ENABLE_OBJC_WEAK = YES;
				CLANG_WARN_BLOCK_CAPTURE_AUTORELEASING = YES;
				CLANG_WARN_BOOL_CONVERSION = YES;
				CLANG_WARN_COMMA = YES;
				CLANG_WARN_CONSTANT_CONVERSION = YES;
				CLANG_WARN_DEPRECATED_OBJC_IMPLEMENTATIONS = YES;
				CLANG_WARN_DIRECT_OBJC_ISA_USAGE = YES_ERROR;
				CLANG_WARN_DOCUMENTATION_COMMENTS = YES;
				CLANG_WARN_EMPTY_BODY = YES;
				CLANG_WARN_ENUM_CONVERSION = YES;
				CLANG_WARN_INFINITE_RECURSION = YES;
				CLANG_WARN_INT_CONVERSION = YES;
				CLANG_WARN_NON_LITERAL_NULL_CONVERSION = YES;
				CLANG_WARN_OBJC_IMPLICIT_RETAIN_SELF = YES;
				CLANG_WARN_OBJC_LITERAL_CONVERSION = YES;
				CLANG_WARN_OBJC_ROOT_CLASS = YES_ERROR;
				CLANG_WARN_RANGE_LOOP_ANALYSIS = YES;
				CLANG_WARN_STRICT_PROTOTYPES = YES;
				CLANG_WARN_SUSPICIOUS_MOVE = YES;
				CLANG_WARN_UNGUARDED_AVAILABILITY = YES_AGGRESSIVE;
				CLANG_WARN_UNREACHABLE_CODE = YES;
				CLANG_WARN__DUPLICATE_METHOD_MATCH = YES;
				CODE_SIGN_IDENTITY = "iPhone Developer";
				COPY_PHASE_STRIP = NO;
				DEBUG_INFORMATION_FORMAT = "dwarf-with-dsym";
				ENABLE_NS_ASSERTIONS = NO;
				ENABLE_STRICT_OBJC_MSGSEND = YES;
				GCC_C_LANGUAGE_STANDARD = gnu11;
				GCC_NO_COMMON_BLOCKS = YES;
				GCC_WARN_64_TO_32_BIT_CONVERSION = YES;
				GCC_WARN_ABOUT_RETURN_TYPE = YES_ERROR;
				GCC_WARN_UNDECLARED_SELECTOR = YES;
				GCC_WARN_UNINITIALIZED_AUTOS = YES_AGGRESSIVE;
				GCC_WARN_UNUSED_FUNCTION = YES;
				GCC_WARN_UNUSED_VARIABLE = YES;
				IPHONEOS_DEPLOYMENT_TARGET = 12.1;
				MTL_ENABLE_DEBUG_INFO = NO;
				MTL_FAST_MATH = YES;
				SDKROOT = iphoneos;
				SWIFT_COMPILATION_MODE = wholemodule;
				SWIFT_OPTIMIZATION_LEVEL = "-O";
				VALIDATE_PRODUCT = YES;
			};
			name = Release;
		};
		EB28B60D21C3B2AA00CFF1EF /* Debug */ = {
			isa = XCBuildConfiguration;
			buildSettings = {
				ASSETCATALOG_COMPILER_APPICON_NAME = AppIcon;
				CODE_SIGN_ENTITLEMENTS = hoop/hoop.entitlements;
				CODE_SIGN_STYLE = Automatic;
				DEVELOPMENT_TEAM = Y34EC8Z3RS;
				FRAMEWORK_SEARCH_PATHS = (
					"$(inherited)",
					"$(PROJECT_DIR)/hoop/Frameworks",
					"$(PROJECT_DIR)/Carthage/Build/iOS",
				);
				INFOPLIST_FILE = hoop/Info.plist;
				LD_RUNPATH_SEARCH_PATHS = (
					"$(inherited)",
					"@executable_path/Frameworks",
				);
				OTHER_LDFLAGS = "-ObjC";
				PRODUCT_BUNDLE_IDENTIFIER = com.ohmyhoop.hoop;
				PRODUCT_NAME = "$(TARGET_NAME)";
				SWIFT_VERSION = 4.2;
				TARGETED_DEVICE_FAMILY = "1,2";
			};
			name = Debug;
		};
		EB28B60E21C3B2AA00CFF1EF /* Release */ = {
			isa = XCBuildConfiguration;
			buildSettings = {
				ASSETCATALOG_COMPILER_APPICON_NAME = AppIcon;
				CODE_SIGN_ENTITLEMENTS = hoop/hoop.entitlements;
				CODE_SIGN_STYLE = Automatic;
				DEVELOPMENT_TEAM = Y34EC8Z3RS;
				FRAMEWORK_SEARCH_PATHS = (
					"$(inherited)",
					"$(PROJECT_DIR)/hoop/Frameworks",
					"$(PROJECT_DIR)/Carthage/Build/iOS",
				);
				INFOPLIST_FILE = hoop/Info.plist;
				LD_RUNPATH_SEARCH_PATHS = (
					"$(inherited)",
					"@executable_path/Frameworks",
				);
				OTHER_LDFLAGS = "-ObjC";
				PRODUCT_BUNDLE_IDENTIFIER = com.ohmyhoop.hoop;
				PRODUCT_NAME = "$(TARGET_NAME)";
				SWIFT_VERSION = 4.2;
				TARGETED_DEVICE_FAMILY = "1,2";
			};
			name = Release;
		};
		EB28B62F21C3BDB400CFF1EF /* Debug */ = {
			isa = XCBuildConfiguration;
			buildSettings = {
				BUNDLE_LOADER = "$(TEST_HOST)";
				CODE_SIGN_STYLE = Automatic;
				DEVELOPMENT_TEAM = Y34EC8Z3RS;
				INFOPLIST_FILE = hoopTests/Info.plist;
				LD_RUNPATH_SEARCH_PATHS = (
					"$(inherited)",
					"@executable_path/Frameworks",
					"@loader_path/Frameworks",
				);
				PRODUCT_BUNDLE_IDENTIFIER = com.ohmyhoop.hoopTests;
				PRODUCT_NAME = "$(TARGET_NAME)";
				SWIFT_VERSION = 4.2;
				TARGETED_DEVICE_FAMILY = "1,2";
				TEST_HOST = "$(BUILT_PRODUCTS_DIR)/hoop.app/hoop";
			};
			name = Debug;
		};
		EB28B63021C3BDB400CFF1EF /* Release */ = {
			isa = XCBuildConfiguration;
			buildSettings = {
				BUNDLE_LOADER = "$(TEST_HOST)";
				CODE_SIGN_STYLE = Automatic;
				DEVELOPMENT_TEAM = Y34EC8Z3RS;
				INFOPLIST_FILE = hoopTests/Info.plist;
				LD_RUNPATH_SEARCH_PATHS = (
					"$(inherited)",
					"@executable_path/Frameworks",
					"@loader_path/Frameworks",
				);
				PRODUCT_BUNDLE_IDENTIFIER = com.ohmyhoop.hoopTests;
				PRODUCT_NAME = "$(TARGET_NAME)";
				SWIFT_VERSION = 4.2;
				TARGETED_DEVICE_FAMILY = "1,2";
				TEST_HOST = "$(BUILT_PRODUCTS_DIR)/hoop.app/hoop";
			};
			name = Release;
		};
/* End XCBuildConfiguration section */

/* Begin XCConfigurationList section */
		EB28B5EA21C3B2A900CFF1EF /* Build configuration list for PBXProject "hoop" */ = {
			isa = XCConfigurationList;
			buildConfigurations = (
				EB28B60A21C3B2AA00CFF1EF /* Debug */,
				EB28B60B21C3B2AA00CFF1EF /* Release */,
			);
			defaultConfigurationIsVisible = 0;
			defaultConfigurationName = Release;
		};
		EB28B60C21C3B2AA00CFF1EF /* Build configuration list for PBXNativeTarget "hoop" */ = {
			isa = XCConfigurationList;
			buildConfigurations = (
				EB28B60D21C3B2AA00CFF1EF /* Debug */,
				EB28B60E21C3B2AA00CFF1EF /* Release */,
			);
			defaultConfigurationIsVisible = 0;
			defaultConfigurationName = Release;
		};
		EB28B62E21C3BDB400CFF1EF /* Build configuration list for PBXNativeTarget "hoopTests" */ = {
			isa = XCConfigurationList;
			buildConfigurations = (
				EB28B62F21C3BDB400CFF1EF /* Debug */,
				EB28B63021C3BDB400CFF1EF /* Release */,
			);
			defaultConfigurationIsVisible = 0;
			defaultConfigurationName = Release;
		};
/* End XCConfigurationList section */
	};
	rootObject = EB28B5E721C3B2A900CFF1EF /* Project object */;
}
